// !$*UTF8*$!
{
	archiveVersion = 1;
	classes = {
	};
	objectVersion = 77;
	objects = {

/* Begin PBXBuildFile section */
		D6F9D6E92E6DE1EF00B50DAD /* Swinject in Frameworks */ = {isa = PBXBuildFile; productRef = D6F9D6E82E6DE1EF00B50DAD /* Swinject */; };
/* End PBXBuildFile section */

/* Begin PBXContainerItemProxy section */
		D695DFB52E6333AE00A53926 /* PBXContainerItemProxy */ = {
			isa = PBXContainerItemProxy;
			containerPortal = D695DF8A2E631DCB00A53926 /* Project object */;
			proxyType = 1;
			remoteGlobalIDString = D695DF912E631DCB00A53926;
			remoteInfo = "Income and Expense Tracker";
		};
/* End PBXContainerItemProxy section */

/* Begin PBXFileReference section */
		D695DF922E631DCB00A53926 /* IncomeAndExpenseTracker.app */ = {isa = PBXFileReference; explicitFileType = wrapper.application; includeInIndex = 0; path = IncomeAndExpenseTracker.app; sourceTree = BUILT_PRODUCTS_DIR; };
		D695DFB12E6333AE00A53926 /* IncomeAndExpenseTrackerTests.xctest */ = {isa = PBXFileReference; explicitFileType = wrapper.cfbundle; includeInIndex = 0; path = IncomeAndExpenseTrackerTests.xctest; sourceTree = BUILT_PRODUCTS_DIR; };
/* End PBXFileReference section */

/* Begin PBXFileSystemSynchronizedBuildFileExceptionSet section */
		D6EBF7C52E70911B00A03AE9 /* Exceptions for "IncomeAndExpenseTracker" folder in "IncomeAndExpenseTracker" target */ = {
			isa = PBXFileSystemSynchronizedBuildFileExceptionSet;
			membershipExceptions = (
				Info.plist,
			);
			target = D695DF912E631DCB00A53926 /* IncomeAndExpenseTracker */;
		};
/* End PBXFileSystemSynchronizedBuildFileExceptionSet section */

/* Begin PBXFileSystemSynchronizedRootGroup section */
		D695DF942E631DCB00A53926 /* IncomeAndExpenseTracker */ = {
			isa = PBXFileSystemSynchronizedRootGroup;
			exceptions = (
				D6EBF7C52E70911B00A03AE9 /* Exceptions for "IncomeAndExpenseTracker" folder in "IncomeAndExpenseTracker" target */,
			);
			path = IncomeAndExpenseTracker;
			sourceTree = "<group>";
		};
		D695DFB22E6333AE00A53926 /* Income and Expense TrackerTests */ = {
			isa = PBXFileSystemSynchronizedRootGroup;
			path = "Income and Expense TrackerTests";
			sourceTree = "<group>";
		};
/* End PBXFileSystemSynchronizedRootGroup section */

/* Begin PBXFrameworksBuildPhase section */
		D695DF8F2E631DCB00A53926 /* Frameworks */ = {
			isa = PBXFrameworksBuildPhase;
			buildActionMask = 2147483647;
			files = (
				D6F9D6E92E6DE1EF00B50DAD /* Swinject in Frameworks */,
			);
			runOnlyForDeploymentPostprocessing = 0;
		};
		D695DFAE2E6333AE00A53926 /* Frameworks */ = {
			isa = PBXFrameworksBuildPhase;
			buildActionMask = 2147483647;
			files = (
			);
			runOnlyForDeploymentPostprocessing = 0;
		};
/* End PBXFrameworksBuildPhase section */

/* Begin PBXGroup section */
		D695DF892E631DCB00A53926 = {
			isa = PBXGroup;
			children = (
				D695DF942E631DCB00A53926 /* IncomeAndExpenseTracker */,
				D695DFB22E6333AE00A53926 /* Income and Expense TrackerTests */,
				D695DF932E631DCB00A53926 /* Products */,
			);
			sourceTree = "<group>";
		};
		D695DF932E631DCB00A53926 /* Products */ = {
			isa = PBXGroup;
			children = (
				D695DF922E631DCB00A53926 /* IncomeAndExpenseTracker.app */,
				D695DFB12E6333AE00A53926 /* IncomeAndExpenseTrackerTests.xctest */,
			);
			name = Products;
			sourceTree = "<group>";
		};
/* End PBXGroup section */

/* Begin PBXNativeTarget section */
		D695DF912E631DCB00A53926 /* IncomeAndExpenseTracker */ = {
			isa = PBXNativeTarget;
			buildConfigurationList = D695DF9D2E631DCE00A53926 /* Build configuration list for PBXNativeTarget "IncomeAndExpenseTracker" */;
			buildPhases = (
				D695DF8E2E631DCB00A53926 /* Sources */,
				D695DF8F2E631DCB00A53926 /* Frameworks */,
				D695DF902E631DCB00A53926 /* Resources */,
			);
			buildRules = (
			);
			dependencies = (
			);
			fileSystemSynchronizedGroups = (
				D695DF942E631DCB00A53926 /* IncomeAndExpenseTracker */,
			);
			name = IncomeAndExpenseTracker;
			packageProductDependencies = (
				D6F9D6E82E6DE1EF00B50DAD /* Swinject */,
			);
			productName = "Income and Expense Tracker";
			productReference = D695DF922E631DCB00A53926 /* IncomeAndExpenseTracker.app */;
			productType = "com.apple.product-type.application";
		};
		D695DFB02E6333AE00A53926 /* IncomeAndExpenseTrackerTests */ = {
			isa = PBXNativeTarget;
			buildConfigurationList = D695DFB72E6333AE00A53926 /* Build configuration list for PBXNativeTarget "IncomeAndExpenseTrackerTests" */;
			buildPhases = (
				D695DFAD2E6333AE00A53926 /* Sources */,
				D695DFAE2E6333AE00A53926 /* Frameworks */,
				D695DFAF2E6333AE00A53926 /* Resources */,
			);
			buildRules = (
			);
			dependencies = (
				D695DFB62E6333AE00A53926 /* PBXTargetDependency */,
			);
			fileSystemSynchronizedGroups = (
				D695DFB22E6333AE00A53926 /* Income and Expense TrackerTests */,
			);
			name = IncomeAndExpenseTrackerTests;
			packageProductDependencies = (
			);
			productName = "Income and Expense TrackerTests";
			productReference = D695DFB12E6333AE00A53926 /* IncomeAndExpenseTrackerTests.xctest */;
			productType = "com.apple.product-type.bundle.unit-test";
		};
/* End PBXNativeTarget section */

/* Begin PBXProject section */
		D695DF8A2E631DCB00A53926 /* Project object */ = {
			isa = PBXProject;
			attributes = {
				BuildIndependentTargetsInParallel = 1;
				LastSwiftUpdateCheck = 1640;
				LastUpgradeCheck = 1640;
				TargetAttributes = {
					D695DF912E631DCB00A53926 = {
						CreatedOnToolsVersion = 16.4;
					};
					D695DFB02E6333AE00A53926 = {
						CreatedOnToolsVersion = 16.4;
						TestTargetID = D695DF912E631DCB00A53926;
					};
				};
			};
			buildConfigurationList = D695DF8D2E631DCB00A53926 /* Build configuration list for PBXProject "IncomeAndExpenseTracker" */;
			developmentRegion = en;
			hasScannedForEncodings = 0;
			knownRegions = (
				en,
				Base,
			);
			mainGroup = D695DF892E631DCB00A53926;
			minimizedProjectReferenceProxies = 1;
			packageReferences = (
				D6F9D6E72E6DE1EF00B50DAD /* XCRemoteSwiftPackageReference "Swinject" */,
			);
			preferredProjectObjectVersion = 77;
			productRefGroup = D695DF932E631DCB00A53926 /* Products */;
			projectDirPath = "";
			projectRoot = "";
			targets = (
				D695DF912E631DCB00A53926 /* IncomeAndExpenseTracker */,
				D695DFB02E6333AE00A53926 /* IncomeAndExpenseTrackerTests */,
			);
		};
/* End PBXProject section */

/* Begin PBXResourcesBuildPhase section */
		D695DF902E631DCB00A53926 /* Resources */ = {
			isa = PBXResourcesBuildPhase;
			buildActionMask = 2147483647;
			files = (
			);
			runOnlyForDeploymentPostprocessing = 0;
		};
		D695DFAF2E6333AE00A53926 /* Resources */ = {
			isa = PBXResourcesBuildPhase;
			buildActionMask = 2147483647;
			files = (
			);
			runOnlyForDeploymentPostprocessing = 0;
		};
/* End PBXResourcesBuildPhase section */

/* Begin PBXSourcesBuildPhase section */
		D695DF8E2E631DCB00A53926 /* Sources */ = {
			isa = PBXSourcesBuildPhase;
			buildActionMask = 2147483647;
			files = (
			);
			runOnlyForDeploymentPostprocessing = 0;
		};
		D695DFAD2E6333AE00A53926 /* Sources */ = {
			isa = PBXSourcesBuildPhase;
			buildActionMask = 2147483647;
			files = (
			);
			runOnlyForDeploymentPostprocessing = 0;
		};
/* End PBXSourcesBuildPhase section */

/* Begin PBXTargetDependency section */
		D695DFB62E6333AE00A53926 /* PBXTargetDependency */ = {
			isa = PBXTargetDependency;
			target = D695DF912E631DCB00A53926 /* IncomeAndExpenseTracker */;
			targetProxy = D695DFB52E6333AE00A53926 /* PBXContainerItemProxy */;
		};
/* End PBXTargetDependency section */

/* Begin XCBuildConfiguration section */
		D695DF9B2E631DCE00A53926 /* Debug */ = {
			isa = XCBuildConfiguration;
			baseConfigurationReferenceAnchor = D695DF942E631DCB00A53926 /* IncomeAndExpenseTracker */;
			baseConfigurationReferenceRelativePath = App/Configurations/dev.xcconfig;
			buildSettings = {
				ALWAYS_SEARCH_USER_PATHS = NO;
				ASSETCATALOG_COMPILER_GENERATE_SWIFT_ASSET_SYMBOL_EXTENSIONS = YES;
				CLANG_ANALYZER_NONNULL = YES;
				CLANG_ANALYZER_NUMBER_OBJECT_CONVERSION = YES_AGGRESSIVE;
				CLANG_CXX_LANGUAGE_STANDARD = "gnu++20";
				CLANG_ENABLE_MODULES = YES;
				CLANG_ENABLE_OBJC_ARC = YES;
				CLANG_ENABLE_OBJC_WEAK = YES;
				CLANG_WARN_BLOCK_CAPTURE_AUTORELEASING = YES;
				CLANG_WARN_BOOL_CONVERSION = YES;
				CLANG_WARN_COMMA = YES;
				CLANG_WARN_CONSTANT_CONVERSION = YES;
				CLANG_WARN_DEPRECATED_OBJC_IMPLEMENTATIONS = YES;
				CLANG_WARN_DIRECT_OBJC_ISA_USAGE = YES_ERROR;
				CLANG_WARN_DOCUMENTATION_COMMENTS = YES;
				CLANG_WARN_EMPTY_BODY = YES;
				CLANG_WARN_ENUM_CONVERSION = YES;
				CLANG_WARN_INFINITE_RECURSION = YES;
				CLANG_WARN_INT_CONVERSION = YES;
				CLANG_WARN_NON_LITERAL_NULL_CONVERSION = YES;
				CLANG_WARN_OBJC_IMPLICIT_RETAIN_SELF = YES;
				CLANG_WARN_OBJC_LITERAL_CONVERSION = YES;
				CLANG_WARN_OBJC_ROOT_CLASS = YES_ERROR;
				CLANG_WARN_QUOTED_INCLUDE_IN_FRAMEWORK_HEADER = YES;
				CLANG_WARN_RANGE_LOOP_ANALYSIS = YES;
				CLANG_WARN_STRICT_PROTOTYPES = YES;
				CLANG_WARN_SUSPICIOUS_MOVE = YES;
				CLANG_WARN_UNGUARDED_AVAILABILITY = YES_AGGRESSIVE;
				CLANG_WARN_UNREACHABLE_CODE = YES;
				CLANG_WARN__DUPLICATE_METHOD_MATCH = YES;
				COPY_PHASE_STRIP = NO;
				DEBUG_INFORMATION_FORMAT = dwarf;
				DEVELOPMENT_TEAM = YBC6QZE5G7;
				ENABLE_STRICT_OBJC_MSGSEND = YES;
				ENABLE_TESTABILITY = YES;
				ENABLE_USER_SCRIPT_SANDBOXING = YES;
				GCC_C_LANGUAGE_STANDARD = gnu17;
				GCC_DYNAMIC_NO_PIC = NO;
				GCC_NO_COMMON_BLOCKS = YES;
				GCC_OPTIMIZATION_LEVEL = 0;
				GCC_PREPROCESSOR_DEFINITIONS = (
					"DEBUG=1",
					"$(inherited)",
				);
				GCC_WARN_64_TO_32_BIT_CONVERSION = YES;
				GCC_WARN_ABOUT_RETURN_TYPE = YES_ERROR;
				GCC_WARN_UNDECLARED_SELECTOR = YES;
				GCC_WARN_UNINITIALIZED_AUTOS = YES_AGGRESSIVE;
				GCC_WARN_UNUSED_FUNCTION = YES;
				GCC_WARN_UNUSED_VARIABLE = YES;
				IPHONEOS_DEPLOYMENT_TARGET = 18.5;
				LOCALIZATION_PREFERS_STRING_CATALOGS = YES;
				MTL_ENABLE_DEBUG_INFO = INCLUDE_SOURCE;
				MTL_FAST_MATH = YES;
				ONLY_ACTIVE_ARCH = YES;
				SDKROOT = iphoneos;
				SWIFT_ACTIVE_COMPILATION_CONDITIONS = "DEBUG $(inherited)";
				SWIFT_OPTIMIZATION_LEVEL = "-Onone";
			};
			name = Debug;
		};
		D695DF9C2E631DCE00A53926 /* Release */ = {
			isa = XCBuildConfiguration;
			baseConfigurationReferenceAnchor = D695DF942E631DCB00A53926 /* IncomeAndExpenseTracker */;
			baseConfigurationReferenceRelativePath = App/Configurations/release.xcconfig;
			buildSettings = {
				ALWAYS_SEARCH_USER_PATHS = NO;
				ASSETCATALOG_COMPILER_GENERATE_SWIFT_ASSET_SYMBOL_EXTENSIONS = YES;
				CLANG_ANALYZER_NONNULL = YES;
				CLANG_ANALYZER_NUMBER_OBJECT_CONVERSION = YES_AGGRESSIVE;
				CLANG_CXX_LANGUAGE_STANDARD = "gnu++20";
				CLANG_ENABLE_MODULES = YES;
				CLANG_ENABLE_OBJC_ARC = YES;
				CLANG_ENABLE_OBJC_WEAK = YES;
				CLANG_WARN_BLOCK_CAPTURE_AUTORELEASING = YES;
				CLANG_WARN_BOOL_CONVERSION = YES;
				CLANG_WARN_COMMA = YES;
				CLANG_WARN_CONSTANT_CONVERSION = YES;
				CLANG_WARN_DEPRECATED_OBJC_IMPLEMENTATIONS = YES;
				CLANG_WARN_DIRECT_OBJC_ISA_USAGE = YES_ERROR;
				CLANG_WARN_DOCUMENTATION_COMMENTS = YES;
				CLANG_WARN_EMPTY_BODY = YES;
				CLANG_WARN_ENUM_CONVERSION = YES;
				CLANG_WARN_INFINITE_RECURSION = YES;
				CLANG_WARN_INT_CONVERSION = YES;
				CLANG_WARN_NON_LITERAL_NULL_CONVERSION = YES;
				CLANG_WARN_OBJC_IMPLICIT_RETAIN_SELF = YES;
				CLANG_WARN_OBJC_LITERAL_CONVERSION = YES;
				CLANG_WARN_OBJC_ROOT_CLASS = YES_ERROR;
				CLANG_WARN_QUOTED_INCLUDE_IN_FRAMEWORK_HEADER = YES;
				CLANG_WARN_RANGE_LOOP_ANALYSIS = YES;
				CLANG_WARN_STRICT_PROTOTYPES = YES;
				CLANG_WARN_SUSPICIOUS_MOVE = YES;
				CLANG_WARN_UNGUARDED_AVAILABILITY = YES_AGGRESSIVE;
				CLANG_WARN_UNREACHABLE_CODE = YES;
				CLANG_WARN__DUPLICATE_METHOD_MATCH = YES;
				COPY_PHASE_STRIP = NO;
				DEBUG_INFORMATION_FORMAT = "dwarf-with-dsym";
				DEVELOPMENT_TEAM = YBC6QZE5G7;
				ENABLE_NS_ASSERTIONS = NO;
				ENABLE_STRICT_OBJC_MSGSEND = YES;
				ENABLE_USER_SCRIPT_SANDBOXING = YES;
				GCC_C_LANGUAGE_STANDARD = gnu17;
				GCC_NO_COMMON_BLOCKS = YES;
				GCC_WARN_64_TO_32_BIT_CONVERSION = YES;
				GCC_WARN_ABOUT_RETURN_TYPE = YES_ERROR;
				GCC_WARN_UNDECLARED_SELECTOR = YES;
				GCC_WARN_UNINITIALIZED_AUTOS = YES_AGGRESSIVE;
				GCC_WARN_UNUSED_FUNCTION = YES;
				GCC_WARN_UNUSED_VARIABLE = YES;
				IPHONEOS_DEPLOYMENT_TARGET = 18.5;
				LOCALIZATION_PREFERS_STRING_CATALOGS = YES;
				MTL_ENABLE_DEBUG_INFO = NO;
				MTL_FAST_MATH = YES;
				SDKROOT = iphoneos;
				SWIFT_COMPILATION_MODE = wholemodule;
				VALIDATE_PRODUCT = YES;
			};
			name = Release;
		};
		D695DF9E2E631DCE00A53926 /* Debug */ = {
			isa = XCBuildConfiguration;
			baseConfigurationReferenceAnchor = D695DF942E631DCB00A53926 /* IncomeAndExpenseTracker */;
			baseConfigurationReferenceRelativePath = App/Configurations/dev.xcconfig;
			buildSettings = {
				ASSETCATALOG_COMPILER_APPICON_NAME = AppIcon;
				ASSETCATALOG_COMPILER_GLOBAL_ACCENT_COLOR_NAME = AccentColor;
				CODE_SIGN_STYLE = Automatic;
				CURRENT_PROJECT_VERSION = 1;
				DEVELOPMENT_TEAM = YBC6QZE5G7;
				ENABLE_PREVIEWS = YES;
				GENERATE_INFOPLIST_FILE = YES;
				INFOPLIST_FILE = IncomeAndExpenseTracker/Info.plist;
				INFOPLIST_KEY_CFBundleDisplayName = "Income and Expense Tracker Dev";
				INFOPLIST_KEY_UIApplicationSceneManifest_Generation = YES;
				INFOPLIST_KEY_UIApplicationSupportsIndirectInputEvents = YES;
				INFOPLIST_KEY_UILaunchScreen_Generation = YES;
				INFOPLIST_KEY_UILaunchStoryboardName = "Launch Screen";
				INFOPLIST_KEY_UISupportedInterfaceOrientations_iPad = "UIInterfaceOrientationPortrait UIInterfaceOrientationPortraitUpsideDown UIInterfaceOrientationLandscapeLeft UIInterfaceOrientationLandscapeRight";
				INFOPLIST_KEY_UISupportedInterfaceOrientations_iPhone = "UIInterfaceOrientationPortrait UIInterfaceOrientationLandscapeLeft UIInterfaceOrientationLandscapeRight";
				LD_RUNPATH_SEARCH_PATHS = (
					"$(inherited)",
					"@executable_path/Frameworks",
				);
				MARKETING_VERSION = 1.0;
				PRODUCT_BUNDLE_IDENTIFIER = "--BUNDLE-IDENTIFIER-";
				PRODUCT_NAME = "$(TARGET_NAME)";
				SWIFT_EMIT_LOC_STRINGS = YES;
				SWIFT_VERSION = 5.0;
				TARGETED_DEVICE_FAMILY = "1,2";
			};
			name = Debug;
		};
		D695DF9F2E631DCE00A53926 /* Release */ = {
			isa = XCBuildConfiguration;
			baseConfigurationReferenceAnchor = D695DF942E631DCB00A53926 /* IncomeAndExpenseTracker */;
			baseConfigurationReferenceRelativePath = App/Configurations/release.xcconfig;
			buildSettings = {
				ASSETCATALOG_COMPILER_APPICON_NAME = AppIcon;
				ASSETCATALOG_COMPILER_GLOBAL_ACCENT_COLOR_NAME = AccentColor;
				CODE_SIGN_STYLE = Automatic;
				CURRENT_PROJECT_VERSION = 1;
				DEVELOPMENT_TEAM = YBC6QZE5G7;
				ENABLE_PREVIEWS = YES;
				GENERATE_INFOPLIST_FILE = YES;
				INFOPLIST_FILE = IncomeAndExpenseTracker/Info.plist;
				INFOPLIST_KEY_CFBundleDisplayName = "Income and Expense Tracker Dev";
				INFOPLIST_KEY_UIApplicationSceneManifest_Generation = YES;
				INFOPLIST_KEY_UIApplicationSupportsIndirectInputEvents = YES;
				INFOPLIST_KEY_UILaunchScreen_Generation = YES;
				INFOPLIST_KEY_UILaunchStoryboardName = "Launch Screen";
				INFOPLIST_KEY_UISupportedInterfaceOrientations_iPad = "UIInterfaceOrientationPortrait UIInterfaceOrientationPortraitUpsideDown UIInterfaceOrientationLandscapeLeft UIInterfaceOrientationLandscapeRight";
				INFOPLIST_KEY_UISupportedInterfaceOrientations_iPhone = "UIInterfaceOrientationPortrait UIInterfaceOrientationLandscapeLeft UIInterfaceOrientationLandscapeRight";
				LD_RUNPATH_SEARCH_PATHS = (
					"$(inherited)",
					"@executable_path/Frameworks",
				);
				MARKETING_VERSION = 1.0;
				PRODUCT_BUNDLE_IDENTIFIER = "--BUNDLE-IDENTIFIER-";
				PRODUCT_NAME = "$(TARGET_NAME)";
				SWIFT_EMIT_LOC_STRINGS = YES;
				SWIFT_VERSION = 5.0;
				TARGETED_DEVICE_FAMILY = "1,2";
			};
			name = Release;
		};
		D695DFB82E6333AE00A53926 /* Debug */ = {
			isa = XCBuildConfiguration;
			baseConfigurationReferenceAnchor = D695DF942E631DCB00A53926 /* IncomeAndExpenseTracker */;
			baseConfigurationReferenceRelativePath = App/Configurations/dev.xcconfig;
			buildSettings = {
				BUNDLE_LOADER = "$(TEST_HOST)";
				CODE_SIGN_STYLE = Automatic;
				CURRENT_PROJECT_VERSION = 1;
				DEVELOPMENT_TEAM = YBC6QZE5G7;
				GENERATE_INFOPLIST_FILE = YES;
				MARKETING_VERSION = 1.0;
				PRODUCT_BUNDLE_IDENTIFIER = "com.app.codesorbit.Income-and-Expense-TrackerTests";
				PRODUCT_NAME = "$(TARGET_NAME)";
				SWIFT_EMIT_LOC_STRINGS = NO;
				SWIFT_VERSION = 5.0;
				TARGETED_DEVICE_FAMILY = "1,2";
				TEST_HOST = "$(BUILT_PRODUCTS_DIR)/IncomeAndExpenseTracker.app/$(BUNDLE_EXECUTABLE_FOLDER_PATH)/IncomeAndExpenseTracker";
			};
			name = Debug;
		};
		D695DFB92E6333AE00A53926 /* Release */ = {
			isa = XCBuildConfiguration;
			baseConfigurationReferenceAnchor = D695DF942E631DCB00A53926 /* IncomeAndExpenseTracker */;
			baseConfigurationReferenceRelativePath = App/Configurations/release.xcconfig;
			buildSettings = {
				BUNDLE_LOADER = "$(TEST_HOST)";
				CODE_SIGN_STYLE = Automatic;
				CURRENT_PROJECT_VERSION = 1;
				DEVELOPMENT_TEAM = YBC6QZE5G7;
				GENERATE_INFOPLIST_FILE = YES;
				MARKETING_VERSION = 1.0;
				PRODUCT_BUNDLE_IDENTIFIER = "com.app.codesorbit.Income-and-Expense-TrackerTests";
				PRODUCT_NAME = "$(TARGET_NAME)";
				SWIFT_EMIT_LOC_STRINGS = NO;
				SWIFT_VERSION = 5.0;
				TARGETED_DEVICE_FAMILY = "1,2";
				TEST_HOST = "$(BUILT_PRODUCTS_DIR)/IncomeAndExpenseTracker.app/$(BUNDLE_EXECUTABLE_FOLDER_PATH)/IncomeAndExpenseTracker";
			};
			name = Release;
		};
/* End XCBuildConfiguration section */

/* Begin XCConfigurationList section */
		D695DF8D2E631DCB00A53926 /* Build configuration list for PBXProject "IncomeAndExpenseTracker" */ = {
			isa = XCConfigurationList;
			buildConfigurations = (
				D695DF9B2E631DCE00A53926 /* Debug */,
				D695DF9C2E631DCE00A53926 /* Release */,
			);
			defaultConfigurationIsVisible = 0;
			defaultConfigurationName = Release;
		};
		D695DF9D2E631DCE00A53926 /* Build configuration list for PBXNativeTarget "IncomeAndExpenseTracker" */ = {
			isa = XCConfigurationList;
			buildConfigurations = (
				D695DF9E2E631DCE00A53926 /* Debug */,
				D695DF9F2E631DCE00A53926 /* Release */,
			);
			defaultConfigurationIsVisible = 0;
			defaultConfigurationName = Release;
		};
		D695DFB72E6333AE00A53926 /* Build configuration list for PBXNativeTarget "IncomeAndExpenseTrackerTests" */ = {
			isa = XCConfigurationList;
			buildConfigurations = (
				D695DFB82E6333AE00A53926 /* Debug */,
				D695DFB92E6333AE00A53926 /* Release */,
			);
			defaultConfigurationIsVisible = 0;
			defaultConfigurationName = Release;
		};
/* End XCConfigurationList section */

/* Begin XCRemoteSwiftPackageReference section */
		D6F9D6E72E6DE1EF00B50DAD /* XCRemoteSwiftPackageReference "Swinject" */ = {
			isa = XCRemoteSwiftPackageReference;
			repositoryURL = "https://github.com/Swinject/Swinject.git";
			requirement = {
				kind = upToNextMajorVersion;
				minimumVersion = 2.10.0;
			};
		};
/* End XCRemoteSwiftPackageReference section */

/* Begin XCSwiftPackageProductDependency section */
		D6F9D6E82E6DE1EF00B50DAD /* Swinject */ = {
			isa = XCSwiftPackageProductDependency;
			package = D6F9D6E72E6DE1EF00B50DAD /* XCRemoteSwiftPackageReference "Swinject" */;
			productName = Swinject;
		};
/* End XCSwiftPackageProductDependency section */
	};
	rootObject = D695DF8A2E631DCB00A53926 /* Project object */;
}
