// !$*UTF8*$!
{
	archiveVersion = 1;
	classes = {
	};
	objectVersion = 56;
	objects = {

/* Begin PBXBuildFile section */
		D6A6F7952C118FCC003B1B26 /* AppDelegate.swift in Sources */ = {isa = PBXBuildFile; fileRef = D6A6F7942C118FCC003B1B26 /* AppDelegate.swift */; };
		D6A6F7972C118FCC003B1B26 /* SceneDelegate.swift in Sources */ = {isa = PBXBuildFile; fileRef = D6A6F7962C118FCC003B1B26 /* SceneDelegate.swift */; };
		D6A6F79E2C118FD0003B1B26 /* Assets.xcassets in Resources */ = {isa = PBXBuildFile; fileRef = D6A6F79D2C118FD0003B1B26 /* Assets.xcassets */; };
		D6A6F7A12C118FD0003B1B26 /* LaunchScreen.storyboard in Resources */ = {isa = PBXBuildFile; fileRef = D6A6F79F2C118FD0003B1B26 /* LaunchScreen.storyboard */; };
		D6A6F7AC2C119DED003B1B26 /* HomeViewController.swift in Sources */ = {isa = PBXBuildFile; fileRef = D6A6F7AA2C119DED003B1B26 /* HomeViewController.swift */; };
		D6A6F7AD2C119DED003B1B26 /* HomeViewController.xib in Resources */ = {isa = PBXBuildFile; fileRef = D6A6F7AB2C119DED003B1B26 /* HomeViewController.xib */; };
		D6A6F7B12C11DDCC003B1B26 /* GoogleService-Info.plist in Resources */ = {isa = PBXBuildFile; fileRef = D6A6F7B02C11DDCC003B1B26 /* GoogleService-Info.plist */; };
		E884ADE3DE8600C927465816 /* Pods_DeepLinkAndPushNotifications.framework in Frameworks */ = {isa = PBXBuildFile; fileRef = E79E93DE62C4B34FDA017F37 /* Pods_DeepLinkAndPushNotifications.framework */; };
/* End PBXBuildFile section */

/* Begin PBXFileReference section */
		0739FFB6D1F1A183A0B9A2DA /* Pods-DeepLinkAndPushNotifications.release.xcconfig */ = {isa = PBXFileReference; includeInIndex = 1; lastKnownFileType = text.xcconfig; name = "Pods-DeepLinkAndPushNotifications.release.xcconfig"; path = "Target Support Files/Pods-DeepLinkAndPushNotifications/Pods-DeepLinkAndPushNotifications.release.xcconfig"; sourceTree = "<group>"; };
		265C970AF83DC6E1FB3C1102 /* Pods-DeepLinkAndPushNotifications.debug.xcconfig */ = {isa = PBXFileReference; includeInIndex = 1; lastKnownFileType = text.xcconfig; name = "Pods-DeepLinkAndPushNotifications.debug.xcconfig"; path = "Target Support Files/Pods-DeepLinkAndPushNotifications/Pods-DeepLinkAndPushNotifications.debug.xcconfig"; sourceTree = "<group>"; };
		D6A6F7912C118FCC003B1B26 /* DeepLinkAndPushNotifications.app */ = {isa = PBXFileReference; explicitFileType = wrapper.application; includeInIndex = 0; path = DeepLinkAndPushNotifications.app; sourceTree = BUILT_PRODUCTS_DIR; };
		D6A6F7942C118FCC003B1B26 /* AppDelegate.swift */ = {isa = PBXFileReference; lastKnownFileType = sourcecode.swift; path = AppDelegate.swift; sourceTree = "<group>"; };
		D6A6F7962C118FCC003B1B26 /* SceneDelegate.swift */ = {isa = PBXFileReference; lastKnownFileType = sourcecode.swift; path = SceneDelegate.swift; sourceTree = "<group>"; };
		D6A6F79D2C118FD0003B1B26 /* Assets.xcassets */ = {isa = PBXFileReference; lastKnownFileType = folder.assetcatalog; path = Assets.xcassets; sourceTree = "<group>"; };
		D6A6F7A02C118FD0003B1B26 /* Base */ = {isa = PBXFileReference; lastKnownFileType = file.storyboard; name = Base; path = Base.lproj/LaunchScreen.storyboard; sourceTree = "<group>"; };
		D6A6F7A22C118FD0003B1B26 /* Info.plist */ = {isa = PBXFileReference; lastKnownFileType = text.plist.xml; path = Info.plist; sourceTree = "<group>"; };
		D6A6F7AA2C119DED003B1B26 /* HomeViewController.swift */ = {isa = PBXFileReference; lastKnownFileType = sourcecode.swift; path = HomeViewController.swift; sourceTree = "<group>"; };
		D6A6F7AB2C119DED003B1B26 /* HomeViewController.xib */ = {isa = PBXFileReference; lastKnownFileType = file.xib; path = HomeViewController.xib; sourceTree = "<group>"; };
		D6A6F7B02C11DDCC003B1B26 /* GoogleService-Info.plist */ = {isa = PBXFileReference; fileEncoding = 4; lastKnownFileType = text.plist.xml; path = "GoogleService-Info.plist"; sourceTree = "<group>"; };
		E79E93DE62C4B34FDA017F37 /* Pods_DeepLinkAndPushNotifications.framework */ = {isa = PBXFileReference; explicitFileType = wrapper.framework; includeInIndex = 0; path = Pods_DeepLinkAndPushNotifications.framework; sourceTree = BUILT_PRODUCTS_DIR; };
/* End PBXFileReference section */

/* Begin PBXFrameworksBuildPhase section */
		D6A6F78E2C118FCC003B1B26 /* Frameworks */ = {
			isa = PBXFrameworksBuildPhase;
			buildActionMask = 2147483647;
			files = (
				E884ADE3DE8600C927465816 /* Pods_DeepLinkAndPushNotifications.framework in Frameworks */,
			);
			runOnlyForDeploymentPostprocessing = 0;
		};
/* End PBXFrameworksBuildPhase section */

/* Begin PBXGroup section */
		2121D2A3D69830080EB9471C /* Frameworks */ = {
			isa = PBXGroup;
			children = (
				E79E93DE62C4B34FDA017F37 /* Pods_DeepLinkAndPushNotifications.framework */,
			);
			name = Frameworks;
			sourceTree = "<group>";
		};
		D6A6F7882C118FCC003B1B26 = {
			isa = PBXGroup;
			children = (
				D6A6F7932C118FCC003B1B26 /* DeepLinkAndPushNotifications */,
				D6A6F7922C118FCC003B1B26 /* Products */,
				2121D2A3D69830080EB9471C /* Frameworks */,
				EE612013C90A7C9C2CDBC056 /* Pods */,
			);
			sourceTree = "<group>";
		};
		D6A6F7922C118FCC003B1B26 /* Products */ = {
			isa = PBXGroup;
			children = (
				D6A6F7912C118FCC003B1B26 /* DeepLinkAndPushNotifications.app */,
			);
			name = Products;
			sourceTree = "<group>";
		};
		D6A6F7932C118FCC003B1B26 /* DeepLinkAndPushNotifications */ = {
			isa = PBXGroup;
			children = (
				D6A6F7A92C119DD1003B1B26 /* Screens */,
				D6A6F7942C118FCC003B1B26 /* AppDelegate.swift */,
				D6A6F7962C118FCC003B1B26 /* SceneDelegate.swift */,
				D6A6F79D2C118FD0003B1B26 /* Assets.xcassets */,
				D6A6F79F2C118FD0003B1B26 /* LaunchScreen.storyboard */,
				D6A6F7A22C118FD0003B1B26 /* Info.plist */,
				D6A6F7B02C11DDCC003B1B26 /* GoogleService-Info.plist */,
			);
			path = DeepLinkAndPushNotifications;
			sourceTree = "<group>";
		};
		D6A6F7A92C119DD1003B1B26 /* Screens */ = {
			isa = PBXGroup;
			children = (
				D6A6F7AA2C119DED003B1B26 /* HomeViewController.swift */,
				D6A6F7AB2C119DED003B1B26 /* HomeViewController.xib */,
			);
			path = Screens;
			sourceTree = "<group>";
		};
		EE612013C90A7C9C2CDBC056 /* Pods */ = {
			isa = PBXGroup;
			children = (
				265C970AF83DC6E1FB3C1102 /* Pods-DeepLinkAndPushNotifications.debug.xcconfig */,
				0739FFB6D1F1A183A0B9A2DA /* Pods-DeepLinkAndPushNotifications.release.xcconfig */,
			);
			path = Pods;
			sourceTree = "<group>";
		};
/* End PBXGroup section */

/* Begin PBXNativeTarget section */
		D6A6F7902C118FCC003B1B26 /* DeepLinkAndPushNotifications */ = {
			isa = PBXNativeTarget;
			buildConfigurationList = D6A6F7A52C118FD0003B1B26 /* Build configuration list for PBXNativeTarget "DeepLinkAndPushNotifications" */;
			buildPhases = (
				02E11429C3E2FF468674222D /* [CP] Check Pods Manifest.lock */,
				D6A6F78D2C118FCC003B1B26 /* Sources */,
				D6A6F78E2C118FCC003B1B26 /* Frameworks */,
				D6A6F78F2C118FCC003B1B26 /* Resources */,
				3D989590C1688482DC057056 /* [CP] Embed Pods Frameworks */,
			);
			buildRules = (
			);
			dependencies = (
			);
			name = DeepLinkAndPushNotifications;
			productName = DeepLinkAndPushNotifications;
			productReference = D6A6F7912C118FCC003B1B26 /* DeepLinkAndPushNotifications.app */;
			productType = "com.apple.product-type.application";
		};
/* End PBXNativeTarget section */

/* Begin PBXProject section */
		D6A6F7892C118FCC003B1B26 /* Project object */ = {
			isa = PBXProject;
			attributes = {
				BuildIndependentTargetsInParallel = 1;
				LastSwiftUpdateCheck = 1520;
				LastUpgradeCheck = 1520;
				TargetAttributes = {
					D6A6F7902C118FCC003B1B26 = {
						CreatedOnToolsVersion = 15.2;
					};
				};
			};
			buildConfigurationList = D6A6F78C2C118FCC003B1B26 /* Build configuration list for PBXProject "DeepLinkAndPushNotifications" */;
			compatibilityVersion = "Xcode 14.0";
			developmentRegion = en;
			hasScannedForEncodings = 0;
			knownRegions = (
				en,
				Base,
			);
			mainGroup = D6A6F7882C118FCC003B1B26;
			productRefGroup = D6A6F7922C118FCC003B1B26 /* Products */;
			projectDirPath = "";
			projectRoot = "";
			targets = (
				D6A6F7902C118FCC003B1B26 /* DeepLinkAndPushNotifications */,
			);
		};
/* End PBXProject section */

/* Begin PBXResourcesBuildPhase section */
		D6A6F78F2C118FCC003B1B26 /* Resources */ = {
			isa = PBXResourcesBuildPhase;
			buildActionMask = 2147483647;
			files = (
				D6A6F7A12C118FD0003B1B26 /* LaunchScreen.storyboard in Resources */,
				D6A6F7B12C11DDCC003B1B26 /* GoogleService-Info.plist in Resources */,
				D6A6F79E2C118FD0003B1B26 /* Assets.xcassets in Resources */,
				D6A6F7AD2C119DED003B1B26 /* HomeViewController.xib in Resources */,
			);
			runOnlyForDeploymentPostprocessing = 0;
		};
/* End PBXResourcesBuildPhase section */

/* Begin PBXShellScriptBuildPhase section */
		02E11429C3E2FF468674222D /* [CP] Check Pods Manifest.lock */ = {
			isa = PBXShellScriptBuildPhase;
			buildActionMask = 2147483647;
			files = (
			);
			inputFileListPaths = (
			);
			inputPaths = (
				"${PODS_PODFILE_DIR_PATH}/Podfile.lock",
				"${PODS_ROOT}/Manifest.lock",
			);
			name = "[CP] Check Pods Manifest.lock";
			outputFileListPaths = (
			);
			outputPaths = (
				"$(DERIVED_FILE_DIR)/Pods-DeepLinkAndPushNotifications-checkManifestLockResult.txt",
			);
			runOnlyForDeploymentPostprocessing = 0;
			shellPath = /bin/sh;
			shellScript = "diff \"${PODS_PODFILE_DIR_PATH}/Podfile.lock\" \"${PODS_ROOT}/Manifest.lock\" > /dev/null\nif [ $? != 0 ] ; then\n    # print error to STDERR\n    echo \"error: The sandbox is not in sync with the Podfile.lock. Run 'pod install' or update your CocoaPods installation.\" >&2\n    exit 1\nfi\n# This output is used by Xcode 'outputs' to avoid re-running this script phase.\necho \"SUCCESS\" > \"${SCRIPT_OUTPUT_FILE_0}\"\n";
			showEnvVarsInLog = 0;
		};
		3D989590C1688482DC057056 /* [CP] Embed Pods Frameworks */ = {
			isa = PBXShellScriptBuildPhase;
			buildActionMask = 2147483647;
			files = (
			);
			inputFileListPaths = (
				"${PODS_ROOT}/Target Support Files/Pods-DeepLinkAndPushNotifications/Pods-DeepLinkAndPushNotifications-frameworks-${CONFIGURATION}-input-files.xcfilelist",
			);
			name = "[CP] Embed Pods Frameworks";
			outputFileListPaths = (
				"${PODS_ROOT}/Target Support Files/Pods-DeepLinkAndPushNotifications/Pods-DeepLinkAndPushNotifications-frameworks-${CONFIGURATION}-output-files.xcfilelist",
			);
			runOnlyForDeploymentPostprocessing = 0;
			shellPath = /bin/sh;
			shellScript = "\"${PODS_ROOT}/Target Support Files/Pods-DeepLinkAndPushNotifications/Pods-DeepLinkAndPushNotifications-frameworks.sh\"\n";
			showEnvVarsInLog = 0;
		};
/* End PBXShellScriptBuildPhase section */

/* Begin PBXSourcesBuildPhase section */
		D6A6F78D2C118FCC003B1B26 /* Sources */ = {
			isa = PBXSourcesBuildPhase;
			buildActionMask = 2147483647;
			files = (
				D6A6F7952C118FCC003B1B26 /* AppDelegate.swift in Sources */,
				D6A6F7972C118FCC003B1B26 /* SceneDelegate.swift in Sources */,
				D6A6F7AC2C119DED003B1B26 /* HomeViewController.swift in Sources */,
			);
			runOnlyForDeploymentPostprocessing = 0;
		};
/* End PBXSourcesBuildPhase section */

/* Begin PBXVariantGroup section */
		D6A6F79F2C118FD0003B1B26 /* LaunchScreen.storyboard */ = {
			isa = PBXVariantGroup;
			children = (
				D6A6F7A02C118FD0003B1B26 /* Base */,
			);
			name = LaunchScreen.storyboard;
			sourceTree = "<group>";
		};
/* End PBXVariantGroup section */

/* Begin XCBuildConfiguration section */
		D6A6F7A32C118FD0003B1B26 /* Debug */ = {
			isa = XCBuildConfiguration;
			buildSettings = {
				ALWAYS_SEARCH_USER_PATHS = NO;
				ASSETCATALOG_COMPILER_GENERATE_SWIFT_ASSET_SYMBOL_EXTENSIONS = YES;
				CLANG_ANALYZER_NONNULL = YES;
				CLANG_ANALYZER_NUMBER_OBJECT_CONVERSION = YES_AGGRESSIVE;
				CLANG_CXX_LANGUAGE_STANDARD = "gnu++20";
				CLANG_ENABLE_MODULES = YES;
				CLANG_ENABLE_OBJC_ARC = YES;
				CLANG_ENABLE_OBJC_WEAK = YES;
				CLANG_WARN_BLOCK_CAPTURE_AUTORELEASING = YES;
				CLANG_WARN_BOOL_CONVERSION = YES;
				CLANG_WARN_COMMA = YES;
				CLANG_WARN_CONSTANT_CONVERSION = YES;
				CLANG_WARN_DEPRECATED_OBJC_IMPLEMENTATIONS = YES;
				CLANG_WARN_DIRECT_OBJC_ISA_USAGE = YES_ERROR;
				CLANG_WARN_DOCUMENTATION_COMMENTS = YES;
				CLANG_WARN_EMPTY_BODY = YES;
				CLANG_WARN_ENUM_CONVERSION = YES;
				CLANG_WARN_INFINITE_RECURSION = YES;
				CLANG_WARN_INT_CONVERSION = YES;
				CLANG_WARN_NON_LITERAL_NULL_CONVERSION = YES;
				CLANG_WARN_OBJC_IMPLICIT_RETAIN_SELF = YES;
				CLANG_WARN_OBJC_LITERAL_CONVERSION = YES;
				CLANG_WARN_OBJC_ROOT_CLASS = YES_ERROR;
				CLANG_WARN_QUOTED_INCLUDE_IN_FRAMEWORK_HEADER = YES;
				CLANG_WARN_RANGE_LOOP_ANALYSIS = YES;
				CLANG_WARN_STRICT_PROTOTYPES = YES;
				CLANG_WARN_SUSPICIOUS_MOVE = YES;
				CLANG_WARN_UNGUARDED_AVAILABILITY = YES_AGGRESSIVE;
				CLANG_WARN_UNREACHABLE_CODE = YES;
				CLANG_WARN__DUPLICATE_METHOD_MATCH = YES;
				COPY_PHASE_STRIP = NO;
				DEBUG_INFORMATION_FORMAT = dwarf;
				ENABLE_STRICT_OBJC_MSGSEND = YES;
				ENABLE_TESTABILITY = YES;
				ENABLE_USER_SCRIPT_SANDBOXING = NO;
				GCC_C_LANGUAGE_STANDARD = gnu17;
				GCC_DYNAMIC_NO_PIC = NO;
				GCC_NO_COMMON_BLOCKS = YES;
				GCC_OPTIMIZATION_LEVEL = 0;
				GCC_PREPROCESSOR_DEFINITIONS = (
					"DEBUG=1",
					"$(inherited)",
				);
				GCC_WARN_64_TO_32_BIT_CONVERSION = YES;
				GCC_WARN_ABOUT_RETURN_TYPE = YES_ERROR;
				GCC_WARN_UNDECLARED_SELECTOR = YES;
				GCC_WARN_UNINITIALIZED_AUTOS = YES_AGGRESSIVE;
				GCC_WARN_UNUSED_FUNCTION = YES;
				GCC_WARN_UNUSED_VARIABLE = YES;
				IPHONEOS_DEPLOYMENT_TARGET = 17.2;
				LOCALIZATION_PREFERS_STRING_CATALOGS = YES;
				MTL_ENABLE_DEBUG_INFO = INCLUDE_SOURCE;
				MTL_FAST_MATH = YES;
				ONLY_ACTIVE_ARCH = YES;
				SDKROOT = iphoneos;
				SWIFT_ACTIVE_COMPILATION_CONDITIONS = "DEBUG $(inherited)";
				SWIFT_OPTIMIZATION_LEVEL = "-Onone";
			};
			name = Debug;
		};
		D6A6F7A42C118FD0003B1B26 /* Release */ = {
			isa = XCBuildConfiguration;
			buildSettings = {
				ALWAYS_SEARCH_USER_PATHS = NO;
				ASSETCATALOG_COMPILER_GENERATE_SWIFT_ASSET_SYMBOL_EXTENSIONS = YES;
				CLANG_ANALYZER_NONNULL = YES;
				CLANG_ANALYZER_NUMBER_OBJECT_CONVERSION = YES_AGGRESSIVE;
				CLANG_CXX_LANGUAGE_STANDARD = "gnu++20";
				CLANG_ENABLE_MODULES = YES;
				CLANG_ENABLE_OBJC_ARC = YES;
				CLANG_ENABLE_OBJC_WEAK = YES;
				CLANG_WARN_BLOCK_CAPTURE_AUTORELEASING = YES;
				CLANG_WARN_BOOL_CONVERSION = YES;
				CLANG_WARN_COMMA = YES;
				CLANG_WARN_CONSTANT_CONVERSION = YES;
				CLANG_WARN_DEPRECATED_OBJC_IMPLEMENTATIONS = YES;
				CLANG_WARN_DIRECT_OBJC_ISA_USAGE = YES_ERROR;
				CLANG_WARN_DOCUMENTATION_COMMENTS = YES;
				CLANG_WARN_EMPTY_BODY = YES;
				CLANG_WARN_ENUM_CONVERSION = YES;
				CLANG_WARN_INFINITE_RECURSION = YES;
				CLANG_WARN_INT_CONVERSION = YES;
				CLANG_WARN_NON_LITERAL_NULL_CONVERSION = YES;
				CLANG_WARN_OBJC_IMPLICIT_RETAIN_SELF = YES;
				CLANG_WARN_OBJC_LITERAL_CONVERSION = YES;
				CLANG_WARN_OBJC_ROOT_CLASS = YES_ERROR;
				CLANG_WARN_QUOTED_INCLUDE_IN_FRAMEWORK_HEADER = YES;
				CLANG_WARN_RANGE_LOOP_ANALYSIS = YES;
				CLANG_WARN_STRICT_PROTOTYPES = YES;
				CLANG_WARN_SUSPICIOUS_MOVE = YES;
				CLANG_WARN_UNGUARDED_AVAILABILITY = YES_AGGRESSIVE;
				CLANG_WARN_UNREACHABLE_CODE = YES;
				CLANG_WARN__DUPLICATE_METHOD_MATCH = YES;
				COPY_PHASE_STRIP = NO;
				DEBUG_INFORMATION_FORMAT = "dwarf-with-dsym";
				ENABLE_NS_ASSERTIONS = NO;
				ENABLE_STRICT_OBJC_MSGSEND = YES;
				ENABLE_USER_SCRIPT_SANDBOXING = NO;
				GCC_C_LANGUAGE_STANDARD = gnu17;
				GCC_NO_COMMON_BLOCKS = YES;
				GCC_WARN_64_TO_32_BIT_CONVERSION = YES;
				GCC_WARN_ABOUT_RETURN_TYPE = YES_ERROR;
				GCC_WARN_UNDECLARED_SELECTOR = YES;
				GCC_WARN_UNINITIALIZED_AUTOS = YES_AGGRESSIVE;
				GCC_WARN_UNUSED_FUNCTION = YES;
				GCC_WARN_UNUSED_VARIABLE = YES;
				IPHONEOS_DEPLOYMENT_TARGET = 17.2;
				LOCALIZATION_PREFERS_STRING_CATALOGS = YES;
				MTL_ENABLE_DEBUG_INFO = NO;
				MTL_FAST_MATH = YES;
				SDKROOT = iphoneos;
				SWIFT_COMPILATION_MODE = wholemodule;
				VALIDATE_PRODUCT = YES;
			};
			name = Release;
		};
		D6A6F7A62C118FD0003B1B26 /* Debug */ = {
			isa = XCBuildConfiguration;
			baseConfigurationReference = 265C970AF83DC6E1FB3C1102 /* Pods-DeepLinkAndPushNotifications.debug.xcconfig */;
			buildSettings = {
				ASSETCATALOG_COMPILER_APPICON_NAME = AppIcon;
				ASSETCATALOG_COMPILER_GLOBAL_ACCENT_COLOR_NAME = AccentColor;
				CODE_SIGN_ENTITLEMENTS = DeepLinkAndPushNotifications/DeepLinkAndPushNotifications.entitlements;
				CODE_SIGN_STYLE = Automatic;
				CURRENT_PROJECT_VERSION = 1;
				DEVELOPMENT_TEAM = 92UHXWRKQ5;
				GENERATE_INFOPLIST_FILE = YES;
				INFOPLIST_FILE = DeepLinkAndPushNotifications/Info.plist;
				INFOPLIST_KEY_UIApplicationSupportsIndirectInputEvents = YES;
				INFOPLIST_KEY_UILaunchStoryboardName = LaunchScreen;
				INFOPLIST_KEY_UISupportedInterfaceOrientations_iPad = "UIInterfaceOrientationPortrait UIInterfaceOrientationPortraitUpsideDown UIInterfaceOrientationLandscapeLeft UIInterfaceOrientationLandscapeRight";
				INFOPLIST_KEY_UISupportedInterfaceOrientations_iPhone = "UIInterfaceOrientationPortrait UIInterfaceOrientationLandscapeLeft UIInterfaceOrientationLandscapeRight";
				IPHONEOS_DEPLOYMENT_TARGET = 17.0;
				LD_RUNPATH_SEARCH_PATHS = (
					"$(inherited)",
					"@executable_path/Frameworks",
				);
				MARKETING_VERSION = 1.0;
				PRODUCT_BUNDLE_IDENTIFIER = com.codesorbit.DeepLinkAndPushNotifications;
				PRODUCT_NAME = "$(TARGET_NAME)";
				SWIFT_EMIT_LOC_STRINGS = YES;
				SWIFT_VERSION = 5.0;
				TARGETED_DEVICE_FAMILY = "1,2";
			};
			name = Debug;
		};
		D6A6F7A72C118FD0003B1B26 /* Release */ = {
			isa = XCBuildConfiguration;
			baseConfigurationReference = 0739FFB6D1F1A183A0B9A2DA /* Pods-DeepLinkAndPushNotifications.release.xcconfig */;
			buildSettings = {
				ASSETCATALOG_COMPILER_APPICON_NAME = AppIcon;
				ASSETCATALOG_COMPILER_GLOBAL_ACCENT_COLOR_NAME = AccentColor;
				CODE_SIGN_ENTITLEMENTS = DeepLinkAndPushNotifications/DeepLinkAndPushNotifications.entitlements;
				CODE_SIGN_STYLE = Automatic;
				CURRENT_PROJECT_VERSION = 1;
				DEVELOPMENT_TEAM = 92UHXWRKQ5;
				GENERATE_INFOPLIST_FILE = YES;
				INFOPLIST_FILE = DeepLinkAndPushNotifications/Info.plist;
				INFOPLIST_KEY_UIApplicationSupportsIndirectInputEvents = YES;
				INFOPLIST_KEY_UILaunchStoryboardName = LaunchScreen;
				INFOPLIST_KEY_UISupportedInterfaceOrientations_iPad = "UIInterfaceOrientationPortrait UIInterfaceOrientationPortraitUpsideDown UIInterfaceOrientationLandscapeLeft UIInterfaceOrientationLandscapeRight";
				INFOPLIST_KEY_UISupportedInterfaceOrientations_iPhone = "UIInterfaceOrientationPortrait UIInterfaceOrientationLandscapeLeft UIInterfaceOrientationLandscapeRight";
				IPHONEOS_DEPLOYMENT_TARGET = 17.0;
				LD_RUNPATH_SEARCH_PATHS = (
					"$(inherited)",
					"@executable_path/Frameworks",
				);
				MARKETING_VERSION = 1.0;
				PRODUCT_BUNDLE_IDENTIFIER = com.codesorbit.DeepLinkAndPushNotifications;
				PRODUCT_NAME = "$(TARGET_NAME)";
				SWIFT_EMIT_LOC_STRINGS = YES;
				SWIFT_VERSION = 5.0;
				TARGETED_DEVICE_FAMILY = "1,2";
			};
			name = Release;
		};
/* End XCBuildConfiguration section */

/* Begin XCConfigurationList section */
		D6A6F78C2C118FCC003B1B26 /* Build configuration list for PBXProject "DeepLinkAndPushNotifications" */ = {
			isa = XCConfigurationList;
			buildConfigurations = (
				D6A6F7A32C118FD0003B1B26 /* Debug */,
				D6A6F7A42C118FD0003B1B26 /* Release */,
			);
			defaultConfigurationIsVisible = 0;
			defaultConfigurationName = Release;
		};
		D6A6F7A52C118FD0003B1B26 /* Build configuration list for PBXNativeTarget "DeepLinkAndPushNotifications" */ = {
			isa = XCConfigurationList;
			buildConfigurations = (
				D6A6F7A62C118FD0003B1B26 /* Debug */,
				D6A6F7A72C118FD0003B1B26 /* Release */,
			);
			defaultConfigurationIsVisible = 0;
			defaultConfigurationName = Release;
		};
/* End XCConfigurationList section */
	};
	rootObject = D6A6F7892C118FCC003B1B26 /* Project object */;
}
