// !$*UTF8*$!
{
	archiveVersion = 1;
	classes = {
	};
	objectVersion = 56;
	objects = {

/* Begin PBXBuildFile section */
		D636E5D92BF21EBA00C77336 /* StreamCastApp.swift in Sources */ = {isa = PBXBuildFile; fileRef = D636E5D82BF21EBA00C77336 /* StreamCastApp.swift */; };
		D636E5DB2BF21EBA00C77336 /* ContentView.swift in Sources */ = {isa = PBXBuildFile; fileRef = D636E5DA2BF21EBA00C77336 /* ContentView.swift */; };
		D636E5DD2BF21EC100C77336 /* Assets.xcassets in Resources */ = {isa = PBXBuildFile; fileRef = D636E5DC2BF21EC100C77336 /* Assets.xcassets */; };
		D636E5E02BF21EC100C77336 /* Preview Assets.xcassets in Resources */ = {isa = PBXBuildFile; fileRef = D636E5DF2BF21EC100C77336 /* Preview Assets.xcassets */; };
		D636E5E22BF21EC100C77336 /* Persistence.swift in Sources */ = {isa = PBXBuildFile; fileRef = D636E5E12BF21EC100C77336 /* Persistence.swift */; };
		D636E5E52BF21EC100C77336 /* StreamCast.xcdatamodeld in Sources */ = {isa = PBXBuildFile; fileRef = D636E5E32BF21EC100C77336 /* StreamCast.xcdatamodeld */; };
		D636E5F42BF21F3900C77336 /* WatchOSExtension.swift in Sources */ = {isa = PBXBuildFile; fileRef = D636E5F32BF21F3900C77336 /* WatchOSExtension.swift */; };
		D636E5F62BF21F3900C77336 /* WatchOS.swift in Sources */ = {isa = PBXBuildFile; fileRef = D636E5F52BF21F3900C77336 /* WatchOS.swift */; };
		D636E6022BF21F7200C77336 /* macOSApp.swift in Sources */ = {isa = PBXBuildFile; fileRef = D636E6012BF21F7200C77336 /* macOSApp.swift */; };
		D636E6042BF21F7200C77336 /* ContentView.swift in Sources */ = {isa = PBXBuildFile; fileRef = D636E6032BF21F7200C77336 /* ContentView.swift */; };
		D636E6062BF21F7600C77336 /* Assets.xcassets in Resources */ = {isa = PBXBuildFile; fileRef = D636E6052BF21F7600C77336 /* Assets.xcassets */; };
		D636E6092BF21F7700C77336 /* Preview Assets.xcassets in Resources */ = {isa = PBXBuildFile; fileRef = D636E6082BF21F7700C77336 /* Preview Assets.xcassets */; };
		D636E60B2BF21F7700C77336 /* Persistence.swift in Sources */ = {isa = PBXBuildFile; fileRef = D636E60A2BF21F7700C77336 /* Persistence.swift */; };
		D636E60E2BF21F7700C77336 /* macOS.xcdatamodeld in Sources */ = {isa = PBXBuildFile; fileRef = D636E60C2BF21F7700C77336 /* macOS.xcdatamodeld */; };
		D636E62A2BF2249F00C77336 /* NotificationService.swift in Sources */ = {isa = PBXBuildFile; fileRef = D636E6292BF2249F00C77336 /* NotificationService.swift */; };
		D636E63B2BF2279100C77336 /* Development.xcconfig in Resources */ = {isa = PBXBuildFile; fileRef = D636E63A2BF2279100C77336 /* Development.xcconfig */; };
		D636E63C2BF2279100C77336 /* Development.xcconfig in Resources */ = {isa = PBXBuildFile; fileRef = D636E63A2BF2279100C77336 /* Development.xcconfig */; };
		D636E63D2BF2279100C77336 /* Development.xcconfig in Resources */ = {isa = PBXBuildFile; fileRef = D636E63A2BF2279100C77336 /* Development.xcconfig */; };
		D636E63E2BF2279100C77336 /* Development.xcconfig in Resources */ = {isa = PBXBuildFile; fileRef = D636E63A2BF2279100C77336 /* Development.xcconfig */; };
		D636E6402BF227A500C77336 /* Staging.xcconfig in Resources */ = {isa = PBXBuildFile; fileRef = D636E63F2BF227A500C77336 /* Staging.xcconfig */; };
		D636E6412BF227A500C77336 /* Staging.xcconfig in Resources */ = {isa = PBXBuildFile; fileRef = D636E63F2BF227A500C77336 /* Staging.xcconfig */; };
		D636E6422BF227A500C77336 /* Staging.xcconfig in Resources */ = {isa = PBXBuildFile; fileRef = D636E63F2BF227A500C77336 /* Staging.xcconfig */; };
		D636E6432BF227A500C77336 /* Staging.xcconfig in Resources */ = {isa = PBXBuildFile; fileRef = D636E63F2BF227A500C77336 /* Staging.xcconfig */; };
		D636E6452BF227BC00C77336 /* Production.xcconfig in Resources */ = {isa = PBXBuildFile; fileRef = D636E6442BF227BC00C77336 /* Production.xcconfig */; };
		D636E6462BF227BC00C77336 /* Production.xcconfig in Resources */ = {isa = PBXBuildFile; fileRef = D636E6442BF227BC00C77336 /* Production.xcconfig */; };
		D636E6472BF227BC00C77336 /* Production.xcconfig in Resources */ = {isa = PBXBuildFile; fileRef = D636E6442BF227BC00C77336 /* Production.xcconfig */; };
		D636E6482BF227BC00C77336 /* Production.xcconfig in Resources */ = {isa = PBXBuildFile; fileRef = D636E6442BF227BC00C77336 /* Production.xcconfig */; };
		D636E64F2BF22B0F00C77336 /* Assets.xcassets in Resources */ = {isa = PBXBuildFile; fileRef = D636E64E2BF22B0F00C77336 /* Assets.xcassets */; };
		D636E6502BF22B0F00C77336 /* Assets.xcassets in Resources */ = {isa = PBXBuildFile; fileRef = D636E64E2BF22B0F00C77336 /* Assets.xcassets */; };
		D636E6512BF22B0F00C77336 /* Assets.xcassets in Resources */ = {isa = PBXBuildFile; fileRef = D636E64E2BF22B0F00C77336 /* Assets.xcassets */; };
		D636E6522BF22B0F00C77336 /* Assets.xcassets in Resources */ = {isa = PBXBuildFile; fileRef = D636E64E2BF22B0F00C77336 /* Assets.xcassets */; };
/* End PBXBuildFile section */

/* Begin PBXFileReference section */
		D636E5D52BF21EBA00C77336 /* StreamCast.app */ = {isa = PBXFileReference; explicitFileType = wrapper.application; includeInIndex = 0; path = StreamCast.app; sourceTree = BUILT_PRODUCTS_DIR; };
		D636E5D82BF21EBA00C77336 /* StreamCastApp.swift */ = {isa = PBXFileReference; lastKnownFileType = sourcecode.swift; path = StreamCastApp.swift; sourceTree = "<group>"; };
		D636E5DA2BF21EBA00C77336 /* ContentView.swift */ = {isa = PBXFileReference; lastKnownFileType = sourcecode.swift; path = ContentView.swift; sourceTree = "<group>"; };
		D636E5DC2BF21EC100C77336 /* Assets.xcassets */ = {isa = PBXFileReference; lastKnownFileType = folder.assetcatalog; path = Assets.xcassets; sourceTree = "<group>"; };
		D636E5DF2BF21EC100C77336 /* Preview Assets.xcassets */ = {isa = PBXFileReference; lastKnownFileType = folder.assetcatalog; path = "Preview Assets.xcassets"; sourceTree = "<group>"; };
		D636E5E12BF21EC100C77336 /* Persistence.swift */ = {isa = PBXFileReference; lastKnownFileType = sourcecode.swift; path = Persistence.swift; sourceTree = "<group>"; };
		D636E5E42BF21EC100C77336 /* StreamCast.xcdatamodel */ = {isa = PBXFileReference; lastKnownFileType = wrapper.xcdatamodel; path = StreamCast.xcdatamodel; sourceTree = "<group>"; };
		D636E5E62BF21EC100C77336 /* StreamCast.entitlements */ = {isa = PBXFileReference; lastKnownFileType = text.plist.entitlements; path = StreamCast.entitlements; sourceTree = "<group>"; };
		D636E5E72BF21EC100C77336 /* Info.plist */ = {isa = PBXFileReference; lastKnownFileType = text.plist.xml; path = Info.plist; sourceTree = "<group>"; };
		D636E5F12BF21F3900C77336 /* WatchOS.appex */ = {isa = PBXFileReference; explicitFileType = "wrapper.extensionkit-extension"; includeInIndex = 0; path = WatchOS.appex; sourceTree = BUILT_PRODUCTS_DIR; };
		D636E5F32BF21F3900C77336 /* WatchOSExtension.swift */ = {isa = PBXFileReference; lastKnownFileType = sourcecode.swift; path = WatchOSExtension.swift; sourceTree = "<group>"; };
		D636E5F52BF21F3900C77336 /* WatchOS.swift */ = {isa = PBXFileReference; lastKnownFileType = sourcecode.swift; path = WatchOS.swift; sourceTree = "<group>"; };
		D636E5F72BF21F3900C77336 /* Info.plist */ = {isa = PBXFileReference; lastKnownFileType = text.plist.xml; path = Info.plist; sourceTree = "<group>"; };
		D636E5FF2BF21F7200C77336 /* macOS.app */ = {isa = PBXFileReference; explicitFileType = wrapper.application; includeInIndex = 0; path = macOS.app; sourceTree = BUILT_PRODUCTS_DIR; };
		D636E6012BF21F7200C77336 /* macOSApp.swift */ = {isa = PBXFileReference; lastKnownFileType = sourcecode.swift; path = macOSApp.swift; sourceTree = "<group>"; };
		D636E6032BF21F7200C77336 /* ContentView.swift */ = {isa = PBXFileReference; lastKnownFileType = sourcecode.swift; path = ContentView.swift; sourceTree = "<group>"; };
		D636E6052BF21F7600C77336 /* Assets.xcassets */ = {isa = PBXFileReference; lastKnownFileType = folder.assetcatalog; path = Assets.xcassets; sourceTree = "<group>"; };
		D636E6082BF21F7700C77336 /* Preview Assets.xcassets */ = {isa = PBXFileReference; lastKnownFileType = folder.assetcatalog; path = "Preview Assets.xcassets"; sourceTree = "<group>"; };
		D636E60A2BF21F7700C77336 /* Persistence.swift */ = {isa = PBXFileReference; lastKnownFileType = sourcecode.swift; path = Persistence.swift; sourceTree = "<group>"; };
		D636E60D2BF21F7700C77336 /* macOS.xcdatamodel */ = {isa = PBXFileReference; lastKnownFileType = wrapper.xcdatamodel; path = macOS.xcdatamodel; sourceTree = "<group>"; };
		D636E60F2BF21F7700C77336 /* macOS.entitlements */ = {isa = PBXFileReference; lastKnownFileType = text.plist.entitlements; path = macOS.entitlements; sourceTree = "<group>"; };
		D636E6272BF2249F00C77336 /* WatchOS Extension.appex */ = {isa = PBXFileReference; explicitFileType = "wrapper.app-extension"; includeInIndex = 0; path = "WatchOS Extension.appex"; sourceTree = BUILT_PRODUCTS_DIR; };
		D636E6292BF2249F00C77336 /* NotificationService.swift */ = {isa = PBXFileReference; lastKnownFileType = sourcecode.swift; path = NotificationService.swift; sourceTree = "<group>"; };
		D636E62B2BF2249F00C77336 /* Info.plist */ = {isa = PBXFileReference; lastKnownFileType = text.plist.xml; path = Info.plist; sourceTree = "<group>"; };
		D636E63A2BF2279100C77336 /* Development.xcconfig */ = {isa = PBXFileReference; lastKnownFileType = text.xcconfig; path = Development.xcconfig; sourceTree = "<group>"; };
		D636E63F2BF227A500C77336 /* Staging.xcconfig */ = {isa = PBXFileReference; lastKnownFileType = text.xcconfig; path = Staging.xcconfig; sourceTree = "<group>"; };
		D636E6442BF227BC00C77336 /* Production.xcconfig */ = {isa = PBXFileReference; lastKnownFileType = text.xcconfig; path = Production.xcconfig; sourceTree = "<group>"; };
		D636E64E2BF22B0F00C77336 /* Assets.xcassets */ = {isa = PBXFileReference; lastKnownFileType = folder.assetcatalog; path = Assets.xcassets; sourceTree = "<group>"; };
/* End PBXFileReference section */

/* Begin PBXFrameworksBuildPhase section */
		D636E5D22BF21EBA00C77336 /* Frameworks */ = {
			isa = PBXFrameworksBuildPhase;
			buildActionMask = 2147483647;
			files = (
			);
			runOnlyForDeploymentPostprocessing = 0;
		};
		D636E5EE2BF21F3900C77336 /* Frameworks */ = {
			isa = PBXFrameworksBuildPhase;
			buildActionMask = 2147483647;
			files = (
			);
			runOnlyForDeploymentPostprocessing = 0;
		};
		D636E5FC2BF21F7200C77336 /* Frameworks */ = {
			isa = PBXFrameworksBuildPhase;
			buildActionMask = 2147483647;
			files = (
			);
			runOnlyForDeploymentPostprocessing = 0;
		};
		D636E6242BF2249F00C77336 /* Frameworks */ = {
			isa = PBXFrameworksBuildPhase;
			buildActionMask = 2147483647;
			files = (
			);
			runOnlyForDeploymentPostprocessing = 0;
		};
/* End PBXFrameworksBuildPhase section */

/* Begin PBXGroup section */
		D636E5CC2BF21EBA00C77336 = {
			isa = PBXGroup;
			children = (
				D636E6382BF2270000C77336 /* Shared */,
				D636E5D72BF21EBA00C77336 /* StreamCast */,
				D636E5F22BF21F3900C77336 /* WatchOS */,
				D636E6002BF21F7200C77336 /* macOS */,
				D636E6282BF2249F00C77336 /* WatchOS Extension */,
				D636E5D62BF21EBA00C77336 /* Products */,
			);
			sourceTree = "<group>";
		};
		D636E5D62BF21EBA00C77336 /* Products */ = {
			isa = PBXGroup;
			children = (
				D636E5D52BF21EBA00C77336 /* StreamCast.app */,
				D636E5F12BF21F3900C77336 /* WatchOS.appex */,
				D636E5FF2BF21F7200C77336 /* macOS.app */,
				D636E6272BF2249F00C77336 /* WatchOS Extension.appex */,
			);
			name = Products;
			sourceTree = "<group>";
		};
		D636E5D72BF21EBA00C77336 /* StreamCast */ = {
			isa = PBXGroup;
			children = (
				D636E5D82BF21EBA00C77336 /* StreamCastApp.swift */,
				D636E5DA2BF21EBA00C77336 /* ContentView.swift */,
				D636E5DC2BF21EC100C77336 /* Assets.xcassets */,
				D636E5E12BF21EC100C77336 /* Persistence.swift */,
				D636E5E62BF21EC100C77336 /* StreamCast.entitlements */,
				D636E5E72BF21EC100C77336 /* Info.plist */,
				D636E5E32BF21EC100C77336 /* StreamCast.xcdatamodeld */,
				D636E5DE2BF21EC100C77336 /* Preview Content */,
			);
			path = StreamCast;
			sourceTree = "<group>";
		};
		D636E5DE2BF21EC100C77336 /* Preview Content */ = {
			isa = PBXGroup;
			children = (
				D636E5DF2BF21EC100C77336 /* Preview Assets.xcassets */,
			);
			path = "Preview Content";
			sourceTree = "<group>";
		};
		D636E5F22BF21F3900C77336 /* WatchOS */ = {
			isa = PBXGroup;
			children = (
				D636E5F32BF21F3900C77336 /* WatchOSExtension.swift */,
				D636E5F52BF21F3900C77336 /* WatchOS.swift */,
				D636E5F72BF21F3900C77336 /* Info.plist */,
			);
			path = WatchOS;
			sourceTree = "<group>";
		};
		D636E6002BF21F7200C77336 /* macOS */ = {
			isa = PBXGroup;
			children = (
				D636E6012BF21F7200C77336 /* macOSApp.swift */,
				D636E6032BF21F7200C77336 /* ContentView.swift */,
				D636E6052BF21F7600C77336 /* Assets.xcassets */,
				D636E60A2BF21F7700C77336 /* Persistence.swift */,
				D636E60F2BF21F7700C77336 /* macOS.entitlements */,
				D636E60C2BF21F7700C77336 /* macOS.xcdatamodeld */,
				D636E6072BF21F7700C77336 /* Preview Content */,
			);
			path = macOS;
			sourceTree = "<group>";
		};
		D636E6072BF21F7700C77336 /* Preview Content */ = {
			isa = PBXGroup;
			children = (
				D636E6082BF21F7700C77336 /* Preview Assets.xcassets */,
			);
			path = "Preview Content";
			sourceTree = "<group>";
		};
		D636E6282BF2249F00C77336 /* WatchOS Extension */ = {
			isa = PBXGroup;
			children = (
				D636E6292BF2249F00C77336 /* NotificationService.swift */,
				D636E62B2BF2249F00C77336 /* Info.plist */,
			);
			path = "WatchOS Extension";
			sourceTree = "<group>";
		};
		D636E6382BF2270000C77336 /* Shared */ = {
			isa = PBXGroup;
			children = (
				D636E6392BF2271000C77336 /* Configs */,
				D636E64E2BF22B0F00C77336 /* Assets.xcassets */,
			);
			path = Shared;
			sourceTree = "<group>";
		};
		D636E6392BF2271000C77336 /* Configs */ = {
			isa = PBXGroup;
			children = (
				D636E63A2BF2279100C77336 /* Development.xcconfig */,
				D636E63F2BF227A500C77336 /* Staging.xcconfig */,
				D636E6442BF227BC00C77336 /* Production.xcconfig */,
			);
			path = Configs;
			sourceTree = "<group>";
		};
/* End PBXGroup section */

/* Begin PBXNativeTarget section */
		D636E5D42BF21EBA00C77336 /* StreamCast */ = {
			isa = PBXNativeTarget;
			buildConfigurationList = D636E5EA2BF21EC100C77336 /* Build configuration list for PBXNativeTarget "StreamCast" */;
			buildPhases = (
				D636E5D12BF21EBA00C77336 /* Sources */,
				D636E5D22BF21EBA00C77336 /* Frameworks */,
				D636E5D32BF21EBA00C77336 /* Resources */,
			);
			buildRules = (
			);
			dependencies = (
			);
			name = StreamCast;
			productName = StreamCast;
			productReference = D636E5D52BF21EBA00C77336 /* StreamCast.app */;
			productType = "com.apple.product-type.application";
		};
		D636E5F02BF21F3900C77336 /* WatchOS */ = {
			isa = PBXNativeTarget;
			buildConfigurationList = D636E5F82BF21F3900C77336 /* Build configuration list for PBXNativeTarget "WatchOS" */;
			buildPhases = (
				D636E5ED2BF21F3900C77336 /* Sources */,
				D636E5EE2BF21F3900C77336 /* Frameworks */,
				D636E5EF2BF21F3900C77336 /* Resources */,
			);
			buildRules = (
			);
			dependencies = (
			);
			name = WatchOS;
			productName = WatchOS;
			productReference = D636E5F12BF21F3900C77336 /* WatchOS.appex */;
			productType = "com.apple.product-type.extensionkit-extension";
		};
		D636E5FE2BF21F7200C77336 /* macOS */ = {
			isa = PBXNativeTarget;
			buildConfigurationList = D636E6102BF21F7700C77336 /* Build configuration list for PBXNativeTarget "macOS" */;
			buildPhases = (
				D636E5FB2BF21F7200C77336 /* Sources */,
				D636E5FC2BF21F7200C77336 /* Frameworks */,
				D636E5FD2BF21F7200C77336 /* Resources */,
			);
			buildRules = (
			);
			dependencies = (
			);
			name = macOS;
			productName = macOS;
			productReference = D636E5FF2BF21F7200C77336 /* macOS.app */;
			productType = "com.apple.product-type.application";
		};
		D636E6262BF2249F00C77336 /* WatchOS Extension */ = {
			isa = PBXNativeTarget;
			buildConfigurationList = D636E62C2BF2249F00C77336 /* Build configuration list for PBXNativeTarget "WatchOS Extension" */;
			buildPhases = (
				D636E6232BF2249F00C77336 /* Sources */,
				D636E6242BF2249F00C77336 /* Frameworks */,
				D636E6252BF2249F00C77336 /* Resources */,
			);
			buildRules = (
			);
			dependencies = (
			);
			name = "WatchOS Extension";
			productName = "WatchOS Extension";
			productReference = D636E6272BF2249F00C77336 /* WatchOS Extension.appex */;
			productType = "com.apple.product-type.app-extension";
		};
/* End PBXNativeTarget section */

/* Begin PBXProject section */
		D636E5CD2BF21EBA00C77336 /* Project object */ = {
			isa = PBXProject;
			attributes = {
				BuildIndependentTargetsInParallel = 1;
				LastSwiftUpdateCheck = 1520;
				LastUpgradeCheck = 1520;
				TargetAttributes = {
					D636E5D42BF21EBA00C77336 = {
						CreatedOnToolsVersion = 15.2;
					};
					D636E5F02BF21F3900C77336 = {
						CreatedOnToolsVersion = 15.2;
					};
					D636E5FE2BF21F7200C77336 = {
						CreatedOnToolsVersion = 15.2;
					};
					D636E6262BF2249F00C77336 = {
						CreatedOnToolsVersion = 15.2;
					};
				};
			};
			buildConfigurationList = D636E5D02BF21EBA00C77336 /* Build configuration list for PBXProject "StreamCast" */;
			compatibilityVersion = "Xcode 14.0";
			developmentRegion = en;
			hasScannedForEncodings = 0;
			knownRegions = (
				en,
				Base,
			);
			mainGroup = D636E5CC2BF21EBA00C77336;
			productRefGroup = D636E5D62BF21EBA00C77336 /* Products */;
			projectDirPath = "";
			projectRoot = "";
			targets = (
				D636E5D42BF21EBA00C77336 /* StreamCast */,
				D636E5F02BF21F3900C77336 /* WatchOS */,
				D636E5FE2BF21F7200C77336 /* macOS */,
				D636E6262BF2249F00C77336 /* WatchOS Extension */,
			);
		};
/* End PBXProject section */

/* Begin PBXResourcesBuildPhase section */
		D636E5D32BF21EBA00C77336 /* Resources */ = {
			isa = PBXResourcesBuildPhase;
			buildActionMask = 2147483647;
			files = (
				D636E6402BF227A500C77336 /* Staging.xcconfig in Resources */,
				D636E6452BF227BC00C77336 /* Production.xcconfig in Resources */,
				D636E63B2BF2279100C77336 /* Development.xcconfig in Resources */,
				D636E5E02BF21EC100C77336 /* Preview Assets.xcassets in Resources */,
				D636E64F2BF22B0F00C77336 /* Assets.xcassets in Resources */,
				D636E5DD2BF21EC100C77336 /* Assets.xcassets in Resources */,
			);
			runOnlyForDeploymentPostprocessing = 0;
		};
		D636E5EF2BF21F3900C77336 /* Resources */ = {
			isa = PBXResourcesBuildPhase;
			buildActionMask = 2147483647;
			files = (
				D636E6412BF227A500C77336 /* Staging.xcconfig in Resources */,
				D636E63C2BF2279100C77336 /* Development.xcconfig in Resources */,
				D636E6502BF22B0F00C77336 /* Assets.xcassets in Resources */,
				D636E6462BF227BC00C77336 /* Production.xcconfig in Resources */,
			);
			runOnlyForDeploymentPostprocessing = 0;
		};
		D636E5FD2BF21F7200C77336 /* Resources */ = {
			isa = PBXResourcesBuildPhase;
			buildActionMask = 2147483647;
			files = (
				D636E6422BF227A500C77336 /* Staging.xcconfig in Resources */,
				D636E6472BF227BC00C77336 /* Production.xcconfig in Resources */,
				D636E63D2BF2279100C77336 /* Development.xcconfig in Resources */,
				D636E6092BF21F7700C77336 /* Preview Assets.xcassets in Resources */,
				D636E6512BF22B0F00C77336 /* Assets.xcassets in Resources */,
				D636E6062BF21F7600C77336 /* Assets.xcassets in Resources */,
			);
			runOnlyForDeploymentPostprocessing = 0;
		};
		D636E6252BF2249F00C77336 /* Resources */ = {
			isa = PBXResourcesBuildPhase;
			buildActionMask = 2147483647;
			files = (
				D636E6432BF227A500C77336 /* Staging.xcconfig in Resources */,
				D636E63E2BF2279100C77336 /* Development.xcconfig in Resources */,
				D636E6522BF22B0F00C77336 /* Assets.xcassets in Resources */,
				D636E6482BF227BC00C77336 /* Production.xcconfig in Resources */,
			);
			runOnlyForDeploymentPostprocessing = 0;
		};
/* End PBXResourcesBuildPhase section */

/* Begin PBXSourcesBuildPhase section */
		D636E5D12BF21EBA00C77336 /* Sources */ = {
			isa = PBXSourcesBuildPhase;
			buildActionMask = 2147483647;
			files = (
				D636E5E22BF21EC100C77336 /* Persistence.swift in Sources */,
				D636E5DB2BF21EBA00C77336 /* ContentView.swift in Sources */,
				D636E5E52BF21EC100C77336 /* StreamCast.xcdatamodeld in Sources */,
				D636E5D92BF21EBA00C77336 /* StreamCastApp.swift in Sources */,
			);
			runOnlyForDeploymentPostprocessing = 0;
		};
		D636E5ED2BF21F3900C77336 /* Sources */ = {
			isa = PBXSourcesBuildPhase;
			buildActionMask = 2147483647;
			files = (
				D636E5F42BF21F3900C77336 /* WatchOSExtension.swift in Sources */,
				D636E5F62BF21F3900C77336 /* WatchOS.swift in Sources */,
			);
			runOnlyForDeploymentPostprocessing = 0;
		};
		D636E5FB2BF21F7200C77336 /* Sources */ = {
			isa = PBXSourcesBuildPhase;
			buildActionMask = 2147483647;
			files = (
				D636E60B2BF21F7700C77336 /* Persistence.swift in Sources */,
				D636E60E2BF21F7700C77336 /* macOS.xcdatamodeld in Sources */,
				D636E6042BF21F7200C77336 /* ContentView.swift in Sources */,
				D636E6022BF21F7200C77336 /* macOSApp.swift in Sources */,
			);
			runOnlyForDeploymentPostprocessing = 0;
		};
		D636E6232BF2249F00C77336 /* Sources */ = {
			isa = PBXSourcesBuildPhase;
			buildActionMask = 2147483647;
			files = (
				D636E62A2BF2249F00C77336 /* NotificationService.swift in Sources */,
			);
			runOnlyForDeploymentPostprocessing = 0;
		};
/* End PBXSourcesBuildPhase section */

/* Begin XCBuildConfiguration section */
		D636E5E82BF21EC100C77336 /* Debug */ = {
			isa = XCBuildConfiguration;
			baseConfigurationReference = D636E6442BF227BC00C77336 /* Production.xcconfig */;
			buildSettings = {
				ALWAYS_SEARCH_USER_PATHS = NO;
				ASSETCATALOG_COMPILER_GENERATE_SWIFT_ASSET_SYMBOL_EXTENSIONS = YES;
				CLANG_ANALYZER_NONNULL = YES;
				CLANG_ANALYZER_NUMBER_OBJECT_CONVERSION = YES_AGGRESSIVE;
				CLANG_CXX_LANGUAGE_STANDARD = "gnu++20";
				CLANG_ENABLE_MODULES = YES;
				CLANG_ENABLE_OBJC_ARC = YES;
				CLANG_ENABLE_OBJC_WEAK = YES;
				CLANG_WARN_BLOCK_CAPTURE_AUTORELEASING = YES;
				CLANG_WARN_BOOL_CONVERSION = YES;
				CLANG_WARN_COMMA = YES;
				CLANG_WARN_CONSTANT_CONVERSION = YES;
				CLANG_WARN_DEPRECATED_OBJC_IMPLEMENTATIONS = YES;
				CLANG_WARN_DIRECT_OBJC_ISA_USAGE = YES_ERROR;
				CLANG_WARN_DOCUMENTATION_COMMENTS = YES;
				CLANG_WARN_EMPTY_BODY = YES;
				CLANG_WARN_ENUM_CONVERSION = YES;
				CLANG_WARN_INFINITE_RECURSION = YES;
				CLANG_WARN_INT_CONVERSION = YES;
				CLANG_WARN_NON_LITERAL_NULL_CONVERSION = YES;
				CLANG_WARN_OBJC_IMPLICIT_RETAIN_SELF = YES;
				CLANG_WARN_OBJC_LITERAL_CONVERSION = YES;
				CLANG_WARN_OBJC_ROOT_CLASS = YES_ERROR;
				CLANG_WARN_QUOTED_INCLUDE_IN_FRAMEWORK_HEADER = YES;
				CLANG_WARN_RANGE_LOOP_ANALYSIS = YES;
				CLANG_WARN_STRICT_PROTOTYPES = YES;
				CLANG_WARN_SUSPICIOUS_MOVE = YES;
				CLANG_WARN_UNGUARDED_AVAILABILITY = YES_AGGRESSIVE;
				CLANG_WARN_UNREACHABLE_CODE = YES;
				CLANG_WARN__DUPLICATE_METHOD_MATCH = YES;
				COPY_PHASE_STRIP = NO;
				DEBUG_INFORMATION_FORMAT = dwarf;
				ENABLE_STRICT_OBJC_MSGSEND = YES;
				ENABLE_TESTABILITY = YES;
				ENABLE_USER_SCRIPT_SANDBOXING = YES;
				GCC_C_LANGUAGE_STANDARD = gnu17;
				GCC_DYNAMIC_NO_PIC = NO;
				GCC_NO_COMMON_BLOCKS = YES;
				GCC_OPTIMIZATION_LEVEL = 0;
				GCC_PREPROCESSOR_DEFINITIONS = (
					"DEBUG=1",
					"$(inherited)",
				);
				GCC_WARN_64_TO_32_BIT_CONVERSION = YES;
				GCC_WARN_ABOUT_RETURN_TYPE = YES_ERROR;
				GCC_WARN_UNDECLARED_SELECTOR = YES;
				GCC_WARN_UNINITIALIZED_AUTOS = YES_AGGRESSIVE;
				GCC_WARN_UNUSED_FUNCTION = YES;
				GCC_WARN_UNUSED_VARIABLE = YES;
				IPHONEOS_DEPLOYMENT_TARGET = 17.2;
				LOCALIZATION_PREFERS_STRING_CATALOGS = YES;
				MTL_ENABLE_DEBUG_INFO = INCLUDE_SOURCE;
				MTL_FAST_MATH = YES;
				ONLY_ACTIVE_ARCH = YES;
				SDKROOT = iphoneos;
				SWIFT_ACTIVE_COMPILATION_CONDITIONS = "DEBUG $(inherited)";
				SWIFT_OPTIMIZATION_LEVEL = "-Onone";
			};
			name = Debug;
		};
		D636E5E92BF21EC100C77336 /* Release */ = {
			isa = XCBuildConfiguration;
			baseConfigurationReference = D636E6442BF227BC00C77336 /* Production.xcconfig */;
			buildSettings = {
				ALWAYS_SEARCH_USER_PATHS = NO;
				ASSETCATALOG_COMPILER_GENERATE_SWIFT_ASSET_SYMBOL_EXTENSIONS = YES;
				CLANG_ANALYZER_NONNULL = YES;
				CLANG_ANALYZER_NUMBER_OBJECT_CONVERSION = YES_AGGRESSIVE;
				CLANG_CXX_LANGUAGE_STANDARD = "gnu++20";
				CLANG_ENABLE_MODULES = YES;
				CLANG_ENABLE_OBJC_ARC = YES;
				CLANG_ENABLE_OBJC_WEAK = YES;
				CLANG_WARN_BLOCK_CAPTURE_AUTORELEASING = YES;
				CLANG_WARN_BOOL_CONVERSION = YES;
				CLANG_WARN_COMMA = YES;
				CLANG_WARN_CONSTANT_CONVERSION = YES;
				CLANG_WARN_DEPRECATED_OBJC_IMPLEMENTATIONS = YES;
				CLANG_WARN_DIRECT_OBJC_ISA_USAGE = YES_ERROR;
				CLANG_WARN_DOCUMENTATION_COMMENTS = YES;
				CLANG_WARN_EMPTY_BODY = YES;
				CLANG_WARN_ENUM_CONVERSION = YES;
				CLANG_WARN_INFINITE_RECURSION = YES;
				CLANG_WARN_INT_CONVERSION = YES;
				CLANG_WARN_NON_LITERAL_NULL_CONVERSION = YES;
				CLANG_WARN_OBJC_IMPLICIT_RETAIN_SELF = YES;
				CLANG_WARN_OBJC_LITERAL_CONVERSION = YES;
				CLANG_WARN_OBJC_ROOT_CLASS = YES_ERROR;
				CLANG_WARN_QUOTED_INCLUDE_IN_FRAMEWORK_HEADER = YES;
				CLANG_WARN_RANGE_LOOP_ANALYSIS = YES;
				CLANG_WARN_STRICT_PROTOTYPES = YES;
				CLANG_WARN_SUSPICIOUS_MOVE = YES;
				CLANG_WARN_UNGUARDED_AVAILABILITY = YES_AGGRESSIVE;
				CLANG_WARN_UNREACHABLE_CODE = YES;
				CLANG_WARN__DUPLICATE_METHOD_MATCH = YES;
				COPY_PHASE_STRIP = NO;
				DEBUG_INFORMATION_FORMAT = "dwarf-with-dsym";
				ENABLE_NS_ASSERTIONS = NO;
				ENABLE_STRICT_OBJC_MSGSEND = YES;
				ENABLE_USER_SCRIPT_SANDBOXING = YES;
				GCC_C_LANGUAGE_STANDARD = gnu17;
				GCC_NO_COMMON_BLOCKS = YES;
				GCC_WARN_64_TO_32_BIT_CONVERSION = YES;
				GCC_WARN_ABOUT_RETURN_TYPE = YES_ERROR;
				GCC_WARN_UNDECLARED_SELECTOR = YES;
				GCC_WARN_UNINITIALIZED_AUTOS = YES_AGGRESSIVE;
				GCC_WARN_UNUSED_FUNCTION = YES;
				GCC_WARN_UNUSED_VARIABLE = YES;
				IPHONEOS_DEPLOYMENT_TARGET = 17.2;
				LOCALIZATION_PREFERS_STRING_CATALOGS = YES;
				MTL_ENABLE_DEBUG_INFO = NO;
				MTL_FAST_MATH = YES;
				SDKROOT = iphoneos;
				SWIFT_COMPILATION_MODE = wholemodule;
				VALIDATE_PRODUCT = YES;
			};
			name = Release;
		};
		D636E5EB2BF21EC100C77336 /* Debug */ = {
			isa = XCBuildConfiguration;
			baseConfigurationReference = D636E6442BF227BC00C77336 /* Production.xcconfig */;
			buildSettings = {
				ASSETCATALOG_COMPILER_APPICON_NAME = AppIcon;
				ASSETCATALOG_COMPILER_GLOBAL_ACCENT_COLOR_NAME = AccentColor;
				CODE_SIGN_ENTITLEMENTS = StreamCast/StreamCast.entitlements;
				CODE_SIGN_STYLE = Automatic;
				CURRENT_PROJECT_VERSION = 1;
				DEVELOPMENT_ASSET_PATHS = "\"StreamCast/Preview Content\"";
				DEVELOPMENT_TEAM = 43HN6L3Z48;
				ENABLE_PREVIEWS = YES;
				GENERATE_INFOPLIST_FILE = YES;
				INFOPLIST_FILE = StreamCast/Info.plist;
				INFOPLIST_KEY_UIApplicationSceneManifest_Generation = YES;
				INFOPLIST_KEY_UIApplicationSupportsIndirectInputEvents = YES;
				INFOPLIST_KEY_UILaunchScreen_Generation = YES;
				INFOPLIST_KEY_UISupportedInterfaceOrientations_iPad = "UIInterfaceOrientationPortrait UIInterfaceOrientationPortraitUpsideDown UIInterfaceOrientationLandscapeLeft UIInterfaceOrientationLandscapeRight";
				INFOPLIST_KEY_UISupportedInterfaceOrientations_iPhone = "UIInterfaceOrientationPortrait UIInterfaceOrientationLandscapeLeft UIInterfaceOrientationLandscapeRight";
				LD_RUNPATH_SEARCH_PATHS = (
					"$(inherited)",
					"@executable_path/Frameworks",
				);
				MARKETING_VERSION = 1.0;
				PRODUCT_BUNDLE_IDENTIFIER = com.app.codesorbit.StreamCast;
				PRODUCT_NAME = "$(TARGET_NAME)";
				SWIFT_EMIT_LOC_STRINGS = YES;
				SWIFT_VERSION = 5.0;
				TARGETED_DEVICE_FAMILY = "1,2";
			};
			name = Debug;
		};
		D636E5EC2BF21EC100C77336 /* Release */ = {
			isa = XCBuildConfiguration;
			baseConfigurationReference = D636E6442BF227BC00C77336 /* Production.xcconfig */;
			buildSettings = {
				ASSETCATALOG_COMPILER_APPICON_NAME = AppIcon;
				ASSETCATALOG_COMPILER_GLOBAL_ACCENT_COLOR_NAME = AccentColor;
				CODE_SIGN_ENTITLEMENTS = StreamCast/StreamCast.entitlements;
				CODE_SIGN_STYLE = Automatic;
				CURRENT_PROJECT_VERSION = 1;
				DEVELOPMENT_ASSET_PATHS = "\"StreamCast/Preview Content\"";
				DEVELOPMENT_TEAM = 43HN6L3Z48;
				ENABLE_PREVIEWS = YES;
				GENERATE_INFOPLIST_FILE = YES;
				INFOPLIST_FILE = StreamCast/Info.plist;
				INFOPLIST_KEY_UIApplicationSceneManifest_Generation = YES;
				INFOPLIST_KEY_UIApplicationSupportsIndirectInputEvents = YES;
				INFOPLIST_KEY_UILaunchScreen_Generation = YES;
				INFOPLIST_KEY_UISupportedInterfaceOrientations_iPad = "UIInterfaceOrientationPortrait UIInterfaceOrientationPortraitUpsideDown UIInterfaceOrientationLandscapeLeft UIInterfaceOrientationLandscapeRight";
				INFOPLIST_KEY_UISupportedInterfaceOrientations_iPhone = "UIInterfaceOrientationPortrait UIInterfaceOrientationLandscapeLeft UIInterfaceOrientationLandscapeRight";
				LD_RUNPATH_SEARCH_PATHS = (
					"$(inherited)",
					"@executable_path/Frameworks",
				);
				MARKETING_VERSION = 1.0;
				PRODUCT_BUNDLE_IDENTIFIER = com.app.codesorbit.StreamCast;
				PRODUCT_NAME = "$(TARGET_NAME)";
				SWIFT_EMIT_LOC_STRINGS = YES;
				SWIFT_VERSION = 5.0;
				TARGETED_DEVICE_FAMILY = "1,2";
			};
			name = Release;
		};
		D636E5F92BF21F3900C77336 /* Debug */ = {
			isa = XCBuildConfiguration;
			baseConfigurationReference = D636E6442BF227BC00C77336 /* Production.xcconfig */;
			buildSettings = {
				CODE_SIGN_STYLE = Automatic;
				CURRENT_PROJECT_VERSION = 1;
				DEVELOPMENT_TEAM = 43HN6L3Z48;
				GENERATE_INFOPLIST_FILE = YES;
				INFOPLIST_FILE = WatchOS/Info.plist;
				INFOPLIST_KEY_CFBundleDisplayName = WatchOS;
				INFOPLIST_KEY_NSHumanReadableCopyright = "";
				LD_RUNPATH_SEARCH_PATHS = (
					"$(inherited)",
					"@executable_path/Frameworks",
					"@executable_path/../../Frameworks",
					"@executable_path/../../../../Frameworks",
				);
				MARKETING_VERSION = 1.0;
				PRODUCT_BUNDLE_IDENTIFIER = com.app.codesorbit.WatchOS;
				PRODUCT_NAME = "$(TARGET_NAME)";
				SDKROOT = watchos;
				SKIP_INSTALL = YES;
				SWIFT_EMIT_LOC_STRINGS = YES;
				SWIFT_VERSION = 5.0;
				TARGETED_DEVICE_FAMILY = 4;
				WATCHOS_DEPLOYMENT_TARGET = 10.2;
			};
			name = Debug;
		};
		D636E5FA2BF21F3900C77336 /* Release */ = {
			isa = XCBuildConfiguration;
			baseConfigurationReference = D636E6442BF227BC00C77336 /* Production.xcconfig */;
			buildSettings = {
				CODE_SIGN_STYLE = Automatic;
				CURRENT_PROJECT_VERSION = 1;
				DEVELOPMENT_TEAM = 43HN6L3Z48;
				GENERATE_INFOPLIST_FILE = YES;
				INFOPLIST_FILE = WatchOS/Info.plist;
				INFOPLIST_KEY_CFBundleDisplayName = WatchOS;
				INFOPLIST_KEY_NSHumanReadableCopyright = "";
				LD_RUNPATH_SEARCH_PATHS = (
					"$(inherited)",
					"@executable_path/Frameworks",
					"@executable_path/../../Frameworks",
					"@executable_path/../../../../Frameworks",
				);
				MARKETING_VERSION = 1.0;
				PRODUCT_BUNDLE_IDENTIFIER = com.app.codesorbit.WatchOS;
				PRODUCT_NAME = "$(TARGET_NAME)";
				SDKROOT = watchos;
				SKIP_INSTALL = YES;
				SWIFT_EMIT_LOC_STRINGS = YES;
				SWIFT_VERSION = 5.0;
				TARGETED_DEVICE_FAMILY = 4;
				WATCHOS_DEPLOYMENT_TARGET = 10.2;
			};
			name = Release;
		};
		D636E6112BF21F7700C77336 /* Debug */ = {
			isa = XCBuildConfiguration;
			baseConfigurationReference = D636E6442BF227BC00C77336 /* Production.xcconfig */;
			buildSettings = {
				ASSETCATALOG_COMPILER_APPICON_NAME = AppIcon;
				ASSETCATALOG_COMPILER_GLOBAL_ACCENT_COLOR_NAME = AccentColor;
				CODE_SIGN_ENTITLEMENTS = macOS/macOS.entitlements;
				CODE_SIGN_STYLE = Automatic;
				COMBINE_HIDPI_IMAGES = YES;
				CURRENT_PROJECT_VERSION = 1;
				DEVELOPMENT_ASSET_PATHS = "\"macOS/Preview Content\"";
				DEVELOPMENT_TEAM = 43HN6L3Z48;
				ENABLE_HARDENED_RUNTIME = YES;
				ENABLE_PREVIEWS = YES;
				GENERATE_INFOPLIST_FILE = YES;
				INFOPLIST_KEY_NSHumanReadableCopyright = "";
				LD_RUNPATH_SEARCH_PATHS = (
					"$(inherited)",
					"@executable_path/../Frameworks",
				);
				MACOSX_DEPLOYMENT_TARGET = 13.6;
				MARKETING_VERSION = 1.0;
				PRODUCT_BUNDLE_IDENTIFIER = com.app.codesorbit.macOS;
				PRODUCT_NAME = "$(TARGET_NAME)";
				SDKROOT = macosx;
				SWIFT_EMIT_LOC_STRINGS = YES;
				SWIFT_VERSION = 5.0;
			};
			name = Debug;
		};
		D636E6122BF21F7700C77336 /* Release */ = {
			isa = XCBuildConfiguration;
			baseConfigurationReference = D636E6442BF227BC00C77336 /* Production.xcconfig */;
			buildSettings = {
				ASSETCATALOG_COMPILER_APPICON_NAME = AppIcon;
				ASSETCATALOG_COMPILER_GLOBAL_ACCENT_COLOR_NAME = AccentColor;
				CODE_SIGN_ENTITLEMENTS = macOS/macOS.entitlements;
				CODE_SIGN_STYLE = Automatic;
				COMBINE_HIDPI_IMAGES = YES;
				CURRENT_PROJECT_VERSION = 1;
				DEVELOPMENT_ASSET_PATHS = "\"macOS/Preview Content\"";
				DEVELOPMENT_TEAM = 43HN6L3Z48;
				ENABLE_HARDENED_RUNTIME = YES;
				ENABLE_PREVIEWS = YES;
				GENERATE_INFOPLIST_FILE = YES;
				INFOPLIST_KEY_NSHumanReadableCopyright = "";
				LD_RUNPATH_SEARCH_PATHS = (
					"$(inherited)",
					"@executable_path/../Frameworks",
				);
				MACOSX_DEPLOYMENT_TARGET = 13.6;
				MARKETING_VERSION = 1.0;
				PRODUCT_BUNDLE_IDENTIFIER = com.app.codesorbit.macOS;
				PRODUCT_NAME = "$(TARGET_NAME)";
				SDKROOT = macosx;
				SWIFT_EMIT_LOC_STRINGS = YES;
				SWIFT_VERSION = 5.0;
			};
			name = Release;
		};
		D636E6132BF220B800C77336 /* Debug.staging */ = {
			isa = XCBuildConfiguration;
			baseConfigurationReference = D636E63F2BF227A500C77336 /* Staging.xcconfig */;
			buildSettings = {
				ALWAYS_SEARCH_USER_PATHS = NO;
				ASSETCATALOG_COMPILER_GENERATE_SWIFT_ASSET_SYMBOL_EXTENSIONS = YES;
				CLANG_ANALYZER_NONNULL = YES;
				CLANG_ANALYZER_NUMBER_OBJECT_CONVERSION = YES_AGGRESSIVE;
				CLANG_CXX_LANGUAGE_STANDARD = "gnu++20";
				CLANG_ENABLE_MODULES = YES;
				CLANG_ENABLE_OBJC_ARC = YES;
				CLANG_ENABLE_OBJC_WEAK = YES;
				CLANG_WARN_BLOCK_CAPTURE_AUTORELEASING = YES;
				CLANG_WARN_BOOL_CONVERSION = YES;
				CLANG_WARN_COMMA = YES;
				CLANG_WARN_CONSTANT_CONVERSION = YES;
				CLANG_WARN_DEPRECATED_OBJC_IMPLEMENTATIONS = YES;
				CLANG_WARN_DIRECT_OBJC_ISA_USAGE = YES_ERROR;
				CLANG_WARN_DOCUMENTATION_COMMENTS = YES;
				CLANG_WARN_EMPTY_BODY = YES;
				CLANG_WARN_ENUM_CONVERSION = YES;
				CLANG_WARN_INFINITE_RECURSION = YES;
				CLANG_WARN_INT_CONVERSION = YES;
				CLANG_WARN_NON_LITERAL_NULL_CONVERSION = YES;
				CLANG_WARN_OBJC_IMPLICIT_RETAIN_SELF = YES;
				CLANG_WARN_OBJC_LITERAL_CONVERSION = YES;
				CLANG_WARN_OBJC_ROOT_CLASS = YES_ERROR;
				CLANG_WARN_QUOTED_INCLUDE_IN_FRAMEWORK_HEADER = YES;
				CLANG_WARN_RANGE_LOOP_ANALYSIS = YES;
				CLANG_WARN_STRICT_PROTOTYPES = YES;
				CLANG_WARN_SUSPICIOUS_MOVE = YES;
				CLANG_WARN_UNGUARDED_AVAILABILITY = YES_AGGRESSIVE;
				CLANG_WARN_UNREACHABLE_CODE = YES;
				CLANG_WARN__DUPLICATE_METHOD_MATCH = YES;
				COPY_PHASE_STRIP = NO;
				DEBUG_INFORMATION_FORMAT = dwarf;
				ENABLE_STRICT_OBJC_MSGSEND = YES;
				ENABLE_TESTABILITY = YES;
				ENABLE_USER_SCRIPT_SANDBOXING = YES;
				GCC_C_LANGUAGE_STANDARD = gnu17;
				GCC_DYNAMIC_NO_PIC = NO;
				GCC_NO_COMMON_BLOCKS = YES;
				GCC_OPTIMIZATION_LEVEL = 0;
				GCC_PREPROCESSOR_DEFINITIONS = (
					"DEBUG=1",
					"$(inherited)",
				);
				GCC_WARN_64_TO_32_BIT_CONVERSION = YES;
				GCC_WARN_ABOUT_RETURN_TYPE = YES_ERROR;
				GCC_WARN_UNDECLARED_SELECTOR = YES;
				GCC_WARN_UNINITIALIZED_AUTOS = YES_AGGRESSIVE;
				GCC_WARN_UNUSED_FUNCTION = YES;
				GCC_WARN_UNUSED_VARIABLE = YES;
				IPHONEOS_DEPLOYMENT_TARGET = 17.2;
				LOCALIZATION_PREFERS_STRING_CATALOGS = YES;
				MTL_ENABLE_DEBUG_INFO = INCLUDE_SOURCE;
				MTL_FAST_MATH = YES;
				ONLY_ACTIVE_ARCH = YES;
				SDKROOT = iphoneos;
				SWIFT_ACTIVE_COMPILATION_CONDITIONS = "DEBUG $(inherited)";
				SWIFT_OPTIMIZATION_LEVEL = "-Onone";
			};
			name = Debug.staging;
		};
		D636E6142BF220B800C77336 /* Debug.staging */ = {
			isa = XCBuildConfiguration;
			baseConfigurationReference = D636E63F2BF227A500C77336 /* Staging.xcconfig */;
			buildSettings = {
				ASSETCATALOG_COMPILER_APPICON_NAME = AppIcon;
				ASSETCATALOG_COMPILER_GLOBAL_ACCENT_COLOR_NAME = AccentColor;
				CODE_SIGN_ENTITLEMENTS = StreamCast/StreamCast.entitlements;
				CODE_SIGN_STYLE = Automatic;
				CURRENT_PROJECT_VERSION = 1;
				DEVELOPMENT_ASSET_PATHS = "\"StreamCast/Preview Content\"";
				DEVELOPMENT_TEAM = 43HN6L3Z48;
				ENABLE_PREVIEWS = YES;
				GENERATE_INFOPLIST_FILE = YES;
				INFOPLIST_FILE = StreamCast/Info.plist;
				INFOPLIST_KEY_UIApplicationSceneManifest_Generation = YES;
				INFOPLIST_KEY_UIApplicationSupportsIndirectInputEvents = YES;
				INFOPLIST_KEY_UILaunchScreen_Generation = YES;
				INFOPLIST_KEY_UISupportedInterfaceOrientations_iPad = "UIInterfaceOrientationPortrait UIInterfaceOrientationPortraitUpsideDown UIInterfaceOrientationLandscapeLeft UIInterfaceOrientationLandscapeRight";
				INFOPLIST_KEY_UISupportedInterfaceOrientations_iPhone = "UIInterfaceOrientationPortrait UIInterfaceOrientationLandscapeLeft UIInterfaceOrientationLandscapeRight";
				LD_RUNPATH_SEARCH_PATHS = (
					"$(inherited)",
					"@executable_path/Frameworks",
				);
				MARKETING_VERSION = 1.0;
				PRODUCT_BUNDLE_IDENTIFIER = com.app.codesorbit.StreamCast;
				PRODUCT_NAME = "$(TARGET_NAME)";
				SWIFT_EMIT_LOC_STRINGS = YES;
				SWIFT_VERSION = 5.0;
				TARGETED_DEVICE_FAMILY = "1,2";
			};
			name = Debug.staging;
		};
		D636E6152BF220B800C77336 /* Debug.staging */ = {
			isa = XCBuildConfiguration;
			baseConfigurationReference = D636E63F2BF227A500C77336 /* Staging.xcconfig */;
			buildSettings = {
				CODE_SIGN_STYLE = Automatic;
				CURRENT_PROJECT_VERSION = 1;
				DEVELOPMENT_TEAM = 43HN6L3Z48;
				GENERATE_INFOPLIST_FILE = YES;
				INFOPLIST_FILE = WatchOS/Info.plist;
				INFOPLIST_KEY_CFBundleDisplayName = WatchOS;
				INFOPLIST_KEY_NSHumanReadableCopyright = "";
				LD_RUNPATH_SEARCH_PATHS = (
					"$(inherited)",
					"@executable_path/Frameworks",
					"@executable_path/../../Frameworks",
					"@executable_path/../../../../Frameworks",
				);
				MARKETING_VERSION = 1.0;
				PRODUCT_BUNDLE_IDENTIFIER = com.app.codesorbit.WatchOS;
				PRODUCT_NAME = "$(TARGET_NAME)";
				SDKROOT = watchos;
				SKIP_INSTALL = YES;
				SWIFT_EMIT_LOC_STRINGS = YES;
				SWIFT_VERSION = 5.0;
				TARGETED_DEVICE_FAMILY = 4;
				WATCHOS_DEPLOYMENT_TARGET = 10.2;
			};
			name = Debug.staging;
		};
		D636E6162BF220B800C77336 /* Debug.staging */ = {
			isa = XCBuildConfiguration;
			baseConfigurationReference = D636E63F2BF227A500C77336 /* Staging.xcconfig */;
			buildSettings = {
				ASSETCATALOG_COMPILER_APPICON_NAME = AppIcon;
				ASSETCATALOG_COMPILER_GLOBAL_ACCENT_COLOR_NAME = AccentColor;
				CODE_SIGN_ENTITLEMENTS = macOS/macOS.entitlements;
				CODE_SIGN_STYLE = Automatic;
				COMBINE_HIDPI_IMAGES = YES;
				CURRENT_PROJECT_VERSION = 1;
				DEVELOPMENT_ASSET_PATHS = "\"macOS/Preview Content\"";
				DEVELOPMENT_TEAM = 43HN6L3Z48;
				ENABLE_HARDENED_RUNTIME = YES;
				ENABLE_PREVIEWS = YES;
				GENERATE_INFOPLIST_FILE = YES;
				INFOPLIST_KEY_NSHumanReadableCopyright = "";
				LD_RUNPATH_SEARCH_PATHS = (
					"$(inherited)",
					"@executable_path/../Frameworks",
				);
				MACOSX_DEPLOYMENT_TARGET = 13.6;
				MARKETING_VERSION = 1.0;
				PRODUCT_BUNDLE_IDENTIFIER = com.app.codesorbit.macOS;
				PRODUCT_NAME = "$(TARGET_NAME)";
				SDKROOT = macosx;
				SWIFT_EMIT_LOC_STRINGS = YES;
				SWIFT_VERSION = 5.0;
			};
			name = Debug.staging;
		};
		D636E6172BF220BE00C77336 /* Debug.development */ = {
			isa = XCBuildConfiguration;
			baseConfigurationReference = D636E63A2BF2279100C77336 /* Development.xcconfig */;
			buildSettings = {
				ALWAYS_SEARCH_USER_PATHS = NO;
				ASSETCATALOG_COMPILER_GENERATE_SWIFT_ASSET_SYMBOL_EXTENSIONS = YES;
				CLANG_ANALYZER_NONNULL = YES;
				CLANG_ANALYZER_NUMBER_OBJECT_CONVERSION = YES_AGGRESSIVE;
				CLANG_CXX_LANGUAGE_STANDARD = "gnu++20";
				CLANG_ENABLE_MODULES = YES;
				CLANG_ENABLE_OBJC_ARC = YES;
				CLANG_ENABLE_OBJC_WEAK = YES;
				CLANG_WARN_BLOCK_CAPTURE_AUTORELEASING = YES;
				CLANG_WARN_BOOL_CONVERSION = YES;
				CLANG_WARN_COMMA = YES;
				CLANG_WARN_CONSTANT_CONVERSION = YES;
				CLANG_WARN_DEPRECATED_OBJC_IMPLEMENTATIONS = YES;
				CLANG_WARN_DIRECT_OBJC_ISA_USAGE = YES_ERROR;
				CLANG_WARN_DOCUMENTATION_COMMENTS = YES;
				CLANG_WARN_EMPTY_BODY = YES;
				CLANG_WARN_ENUM_CONVERSION = YES;
				CLANG_WARN_INFINITE_RECURSION = YES;
				CLANG_WARN_INT_CONVERSION = YES;
				CLANG_WARN_NON_LITERAL_NULL_CONVERSION = YES;
				CLANG_WARN_OBJC_IMPLICIT_RETAIN_SELF = YES;
				CLANG_WARN_OBJC_LITERAL_CONVERSION = YES;
				CLANG_WARN_OBJC_ROOT_CLASS = YES_ERROR;
				CLANG_WARN_QUOTED_INCLUDE_IN_FRAMEWORK_HEADER = YES;
				CLANG_WARN_RANGE_LOOP_ANALYSIS = YES;
				CLANG_WARN_STRICT_PROTOTYPES = YES;
				CLANG_WARN_SUSPICIOUS_MOVE = YES;
				CLANG_WARN_UNGUARDED_AVAILABILITY = YES_AGGRESSIVE;
				CLANG_WARN_UNREACHABLE_CODE = YES;
				CLANG_WARN__DUPLICATE_METHOD_MATCH = YES;
				COPY_PHASE_STRIP = NO;
				DEBUG_INFORMATION_FORMAT = dwarf;
				ENABLE_STRICT_OBJC_MSGSEND = YES;
				ENABLE_TESTABILITY = YES;
				ENABLE_USER_SCRIPT_SANDBOXING = YES;
				GCC_C_LANGUAGE_STANDARD = gnu17;
				GCC_DYNAMIC_NO_PIC = NO;
				GCC_NO_COMMON_BLOCKS = YES;
				GCC_OPTIMIZATION_LEVEL = 0;
				GCC_PREPROCESSOR_DEFINITIONS = (
					"DEBUG=1",
					"$(inherited)",
				);
				GCC_WARN_64_TO_32_BIT_CONVERSION = YES;
				GCC_WARN_ABOUT_RETURN_TYPE = YES_ERROR;
				GCC_WARN_UNDECLARED_SELECTOR = YES;
				GCC_WARN_UNINITIALIZED_AUTOS = YES_AGGRESSIVE;
				GCC_WARN_UNUSED_FUNCTION = YES;
				GCC_WARN_UNUSED_VARIABLE = YES;
				IPHONEOS_DEPLOYMENT_TARGET = 17.2;
				LOCALIZATION_PREFERS_STRING_CATALOGS = YES;
				MTL_ENABLE_DEBUG_INFO = INCLUDE_SOURCE;
				MTL_FAST_MATH = YES;
				ONLY_ACTIVE_ARCH = YES;
				SDKROOT = iphoneos;
				SWIFT_ACTIVE_COMPILATION_CONDITIONS = "DEBUG $(inherited)";
				SWIFT_OPTIMIZATION_LEVEL = "-Onone";
			};
			name = Debug.development;
		};
		D636E6182BF220BE00C77336 /* Debug.development */ = {
			isa = XCBuildConfiguration;
			baseConfigurationReference = D636E63A2BF2279100C77336 /* Development.xcconfig */;
			buildSettings = {
				ASSETCATALOG_COMPILER_APPICON_NAME = AppIcon;
				ASSETCATALOG_COMPILER_GLOBAL_ACCENT_COLOR_NAME = AccentColor;
				CODE_SIGN_ENTITLEMENTS = StreamCast/StreamCast.entitlements;
				CODE_SIGN_STYLE = Automatic;
				CURRENT_PROJECT_VERSION = 1;
				DEVELOPMENT_ASSET_PATHS = "\"StreamCast/Preview Content\"";
				DEVELOPMENT_TEAM = 43HN6L3Z48;
				ENABLE_PREVIEWS = YES;
				GENERATE_INFOPLIST_FILE = YES;
				INFOPLIST_FILE = StreamCast/Info.plist;
				INFOPLIST_KEY_UIApplicationSceneManifest_Generation = YES;
				INFOPLIST_KEY_UIApplicationSupportsIndirectInputEvents = YES;
				INFOPLIST_KEY_UILaunchScreen_Generation = YES;
				INFOPLIST_KEY_UISupportedInterfaceOrientations_iPad = "UIInterfaceOrientationPortrait UIInterfaceOrientationPortraitUpsideDown UIInterfaceOrientationLandscapeLeft UIInterfaceOrientationLandscapeRight";
				INFOPLIST_KEY_UISupportedInterfaceOrientations_iPhone = "UIInterfaceOrientationPortrait UIInterfaceOrientationLandscapeLeft UIInterfaceOrientationLandscapeRight";
				LD_RUNPATH_SEARCH_PATHS = (
					"$(inherited)",
					"@executable_path/Frameworks",
				);
				MARKETING_VERSION = 1.0;
				PRODUCT_BUNDLE_IDENTIFIER = com.app.codesorbit.StreamCast;
				PRODUCT_NAME = "$(TARGET_NAME)";
				SWIFT_EMIT_LOC_STRINGS = YES;
				SWIFT_VERSION = 5.0;
				TARGETED_DEVICE_FAMILY = "1,2";
			};
			name = Debug.development;
		};
		D636E6192BF220BE00C77336 /* Debug.development */ = {
			isa = XCBuildConfiguration;
			baseConfigurationReference = D636E63A2BF2279100C77336 /* Development.xcconfig */;
			buildSettings = {
				CODE_SIGN_STYLE = Automatic;
				CURRENT_PROJECT_VERSION = 1;
				DEVELOPMENT_TEAM = 43HN6L3Z48;
				GENERATE_INFOPLIST_FILE = YES;
				INFOPLIST_FILE = WatchOS/Info.plist;
				INFOPLIST_KEY_CFBundleDisplayName = WatchOS;
				INFOPLIST_KEY_NSHumanReadableCopyright = "";
				LD_RUNPATH_SEARCH_PATHS = (
					"$(inherited)",
					"@executable_path/Frameworks",
					"@executable_path/../../Frameworks",
					"@executable_path/../../../../Frameworks",
				);
				MARKETING_VERSION = 1.0;
				PRODUCT_BUNDLE_IDENTIFIER = com.app.codesorbit.WatchOS;
				PRODUCT_NAME = "$(TARGET_NAME)";
				SDKROOT = watchos;
				SKIP_INSTALL = YES;
				SWIFT_EMIT_LOC_STRINGS = YES;
				SWIFT_VERSION = 5.0;
				TARGETED_DEVICE_FAMILY = 4;
				WATCHOS_DEPLOYMENT_TARGET = 10.2;
			};
			name = Debug.development;
		};
		D636E61A2BF220BE00C77336 /* Debug.development */ = {
			isa = XCBuildConfiguration;
			baseConfigurationReference = D636E63A2BF2279100C77336 /* Development.xcconfig */;
			buildSettings = {
				ASSETCATALOG_COMPILER_APPICON_NAME = AppIcon;
				ASSETCATALOG_COMPILER_GLOBAL_ACCENT_COLOR_NAME = AccentColor;
				CODE_SIGN_ENTITLEMENTS = macOS/macOS.entitlements;
				CODE_SIGN_STYLE = Automatic;
				COMBINE_HIDPI_IMAGES = YES;
				CURRENT_PROJECT_VERSION = 1;
				DEVELOPMENT_ASSET_PATHS = "\"macOS/Preview Content\"";
				DEVELOPMENT_TEAM = 43HN6L3Z48;
				ENABLE_HARDENED_RUNTIME = YES;
				ENABLE_PREVIEWS = YES;
				GENERATE_INFOPLIST_FILE = YES;
				INFOPLIST_KEY_NSHumanReadableCopyright = "";
				LD_RUNPATH_SEARCH_PATHS = (
					"$(inherited)",
					"@executable_path/../Frameworks",
				);
				MACOSX_DEPLOYMENT_TARGET = 13.6;
				MARKETING_VERSION = 1.0;
				PRODUCT_BUNDLE_IDENTIFIER = com.app.codesorbit.macOS;
				PRODUCT_NAME = "$(TARGET_NAME)";
				SDKROOT = macosx;
				SWIFT_EMIT_LOC_STRINGS = YES;
				SWIFT_VERSION = 5.0;
			};
			name = Debug.development;
		};
		D636E61B2BF220C200C77336 /* Release.staging */ = {
			isa = XCBuildConfiguration;
			baseConfigurationReference = D636E63F2BF227A500C77336 /* Staging.xcconfig */;
			buildSettings = {
				ALWAYS_SEARCH_USER_PATHS = NO;
				ASSETCATALOG_COMPILER_GENERATE_SWIFT_ASSET_SYMBOL_EXTENSIONS = YES;
				CLANG_ANALYZER_NONNULL = YES;
				CLANG_ANALYZER_NUMBER_OBJECT_CONVERSION = YES_AGGRESSIVE;
				CLANG_CXX_LANGUAGE_STANDARD = "gnu++20";
				CLANG_ENABLE_MODULES = YES;
				CLANG_ENABLE_OBJC_ARC = YES;
				CLANG_ENABLE_OBJC_WEAK = YES;
				CLANG_WARN_BLOCK_CAPTURE_AUTORELEASING = YES;
				CLANG_WARN_BOOL_CONVERSION = YES;
				CLANG_WARN_COMMA = YES;
				CLANG_WARN_CONSTANT_CONVERSION = YES;
				CLANG_WARN_DEPRECATED_OBJC_IMPLEMENTATIONS = YES;
				CLANG_WARN_DIRECT_OBJC_ISA_USAGE = YES_ERROR;
				CLANG_WARN_DOCUMENTATION_COMMENTS = YES;
				CLANG_WARN_EMPTY_BODY = YES;
				CLANG_WARN_ENUM_CONVERSION = YES;
				CLANG_WARN_INFINITE_RECURSION = YES;
				CLANG_WARN_INT_CONVERSION = YES;
				CLANG_WARN_NON_LITERAL_NULL_CONVERSION = YES;
				CLANG_WARN_OBJC_IMPLICIT_RETAIN_SELF = YES;
				CLANG_WARN_OBJC_LITERAL_CONVERSION = YES;
				CLANG_WARN_OBJC_ROOT_CLASS = YES_ERROR;
				CLANG_WARN_QUOTED_INCLUDE_IN_FRAMEWORK_HEADER = YES;
				CLANG_WARN_RANGE_LOOP_ANALYSIS = YES;
				CLANG_WARN_STRICT_PROTOTYPES = YES;
				CLANG_WARN_SUSPICIOUS_MOVE = YES;
				CLANG_WARN_UNGUARDED_AVAILABILITY = YES_AGGRESSIVE;
				CLANG_WARN_UNREACHABLE_CODE = YES;
				CLANG_WARN__DUPLICATE_METHOD_MATCH = YES;
				COPY_PHASE_STRIP = NO;
				DEBUG_INFORMATION_FORMAT = "dwarf-with-dsym";
				ENABLE_NS_ASSERTIONS = NO;
				ENABLE_STRICT_OBJC_MSGSEND = YES;
				ENABLE_USER_SCRIPT_SANDBOXING = YES;
				GCC_C_LANGUAGE_STANDARD = gnu17;
				GCC_NO_COMMON_BLOCKS = YES;
				GCC_WARN_64_TO_32_BIT_CONVERSION = YES;
				GCC_WARN_ABOUT_RETURN_TYPE = YES_ERROR;
				GCC_WARN_UNDECLARED_SELECTOR = YES;
				GCC_WARN_UNINITIALIZED_AUTOS = YES_AGGRESSIVE;
				GCC_WARN_UNUSED_FUNCTION = YES;
				GCC_WARN_UNUSED_VARIABLE = YES;
				IPHONEOS_DEPLOYMENT_TARGET = 17.2;
				LOCALIZATION_PREFERS_STRING_CATALOGS = YES;
				MTL_ENABLE_DEBUG_INFO = NO;
				MTL_FAST_MATH = YES;
				SDKROOT = iphoneos;
				SWIFT_COMPILATION_MODE = wholemodule;
				VALIDATE_PRODUCT = YES;
			};
			name = Release.staging;
		};
		D636E61C2BF220C200C77336 /* Release.staging */ = {
			isa = XCBuildConfiguration;
			baseConfigurationReference = D636E63F2BF227A500C77336 /* Staging.xcconfig */;
			buildSettings = {
				ASSETCATALOG_COMPILER_APPICON_NAME = AppIcon;
				ASSETCATALOG_COMPILER_GLOBAL_ACCENT_COLOR_NAME = AccentColor;
				CODE_SIGN_ENTITLEMENTS = StreamCast/StreamCast.entitlements;
				CODE_SIGN_STYLE = Automatic;
				CURRENT_PROJECT_VERSION = 1;
				DEVELOPMENT_ASSET_PATHS = "\"StreamCast/Preview Content\"";
				DEVELOPMENT_TEAM = 43HN6L3Z48;
				ENABLE_PREVIEWS = YES;
				GENERATE_INFOPLIST_FILE = YES;
				INFOPLIST_FILE = StreamCast/Info.plist;
				INFOPLIST_KEY_UIApplicationSceneManifest_Generation = YES;
				INFOPLIST_KEY_UIApplicationSupportsIndirectInputEvents = YES;
				INFOPLIST_KEY_UILaunchScreen_Generation = YES;
				INFOPLIST_KEY_UISupportedInterfaceOrientations_iPad = "UIInterfaceOrientationPortrait UIInterfaceOrientationPortraitUpsideDown UIInterfaceOrientationLandscapeLeft UIInterfaceOrientationLandscapeRight";
				INFOPLIST_KEY_UISupportedInterfaceOrientations_iPhone = "UIInterfaceOrientationPortrait UIInterfaceOrientationLandscapeLeft UIInterfaceOrientationLandscapeRight";
				LD_RUNPATH_SEARCH_PATHS = (
					"$(inherited)",
					"@executable_path/Frameworks",
				);
				MARKETING_VERSION = 1.0;
				PRODUCT_BUNDLE_IDENTIFIER = com.app.codesorbit.StreamCast;
				PRODUCT_NAME = "$(TARGET_NAME)";
				SWIFT_EMIT_LOC_STRINGS = YES;
				SWIFT_VERSION = 5.0;
				TARGETED_DEVICE_FAMILY = "1,2";
			};
			name = Release.staging;
		};
		D636E61D2BF220C200C77336 /* Release.staging */ = {
			isa = XCBuildConfiguration;
			baseConfigurationReference = D636E63F2BF227A500C77336 /* Staging.xcconfig */;
			buildSettings = {
				CODE_SIGN_STYLE = Automatic;
				CURRENT_PROJECT_VERSION = 1;
				DEVELOPMENT_TEAM = 43HN6L3Z48;
				GENERATE_INFOPLIST_FILE = YES;
				INFOPLIST_FILE = WatchOS/Info.plist;
				INFOPLIST_KEY_CFBundleDisplayName = WatchOS;
				INFOPLIST_KEY_NSHumanReadableCopyright = "";
				LD_RUNPATH_SEARCH_PATHS = (
					"$(inherited)",
					"@executable_path/Frameworks",
					"@executable_path/../../Frameworks",
					"@executable_path/../../../../Frameworks",
				);
				MARKETING_VERSION = 1.0;
				PRODUCT_BUNDLE_IDENTIFIER = com.app.codesorbit.WatchOS;
				PRODUCT_NAME = "$(TARGET_NAME)";
				SDKROOT = watchos;
				SKIP_INSTALL = YES;
				SWIFT_EMIT_LOC_STRINGS = YES;
				SWIFT_VERSION = 5.0;
				TARGETED_DEVICE_FAMILY = 4;
				WATCHOS_DEPLOYMENT_TARGET = 10.2;
			};
			name = Release.staging;
		};
		D636E61E2BF220C200C77336 /* Release.staging */ = {
			isa = XCBuildConfiguration;
			baseConfigurationReference = D636E63F2BF227A500C77336 /* Staging.xcconfig */;
			buildSettings = {
				ASSETCATALOG_COMPILER_APPICON_NAME = AppIcon;
				ASSETCATALOG_COMPILER_GLOBAL_ACCENT_COLOR_NAME = AccentColor;
				CODE_SIGN_ENTITLEMENTS = macOS/macOS.entitlements;
				CODE_SIGN_STYLE = Automatic;
				COMBINE_HIDPI_IMAGES = YES;
				CURRENT_PROJECT_VERSION = 1;
				DEVELOPMENT_ASSET_PATHS = "\"macOS/Preview Content\"";
				DEVELOPMENT_TEAM = 43HN6L3Z48;
				ENABLE_HARDENED_RUNTIME = YES;
				ENABLE_PREVIEWS = YES;
				GENERATE_INFOPLIST_FILE = YES;
				INFOPLIST_KEY_NSHumanReadableCopyright = "";
				LD_RUNPATH_SEARCH_PATHS = (
					"$(inherited)",
					"@executable_path/../Frameworks",
				);
				MACOSX_DEPLOYMENT_TARGET = 13.6;
				MARKETING_VERSION = 1.0;
				PRODUCT_BUNDLE_IDENTIFIER = com.app.codesorbit.macOS;
				PRODUCT_NAME = "$(TARGET_NAME)";
				SDKROOT = macosx;
				SWIFT_EMIT_LOC_STRINGS = YES;
				SWIFT_VERSION = 5.0;
			};
			name = Release.staging;
		};
		D636E61F2BF220C700C77336 /* Release.development */ = {
			isa = XCBuildConfiguration;
			baseConfigurationReference = D636E63A2BF2279100C77336 /* Development.xcconfig */;
			buildSettings = {
				ALWAYS_SEARCH_USER_PATHS = NO;
				ASSETCATALOG_COMPILER_GENERATE_SWIFT_ASSET_SYMBOL_EXTENSIONS = YES;
				CLANG_ANALYZER_NONNULL = YES;
				CLANG_ANALYZER_NUMBER_OBJECT_CONVERSION = YES_AGGRESSIVE;
				CLANG_CXX_LANGUAGE_STANDARD = "gnu++20";
				CLANG_ENABLE_MODULES = YES;
				CLANG_ENABLE_OBJC_ARC = YES;
				CLANG_ENABLE_OBJC_WEAK = YES;
				CLANG_WARN_BLOCK_CAPTURE_AUTORELEASING = YES;
				CLANG_WARN_BOOL_CONVERSION = YES;
				CLANG_WARN_COMMA = YES;
				CLANG_WARN_CONSTANT_CONVERSION = YES;
				CLANG_WARN_DEPRECATED_OBJC_IMPLEMENTATIONS = YES;
				CLANG_WARN_DIRECT_OBJC_ISA_USAGE = YES_ERROR;
				CLANG_WARN_DOCUMENTATION_COMMENTS = YES;
				CLANG_WARN_EMPTY_BODY = YES;
				CLANG_WARN_ENUM_CONVERSION = YES;
				CLANG_WARN_INFINITE_RECURSION = YES;
				CLANG_WARN_INT_CONVERSION = YES;
				CLANG_WARN_NON_LITERAL_NULL_CONVERSION = YES;
				CLANG_WARN_OBJC_IMPLICIT_RETAIN_SELF = YES;
				CLANG_WARN_OBJC_LITERAL_CONVERSION = YES;
				CLANG_WARN_OBJC_ROOT_CLASS = YES_ERROR;
				CLANG_WARN_QUOTED_INCLUDE_IN_FRAMEWORK_HEADER = YES;
				CLANG_WARN_RANGE_LOOP_ANALYSIS = YES;
				CLANG_WARN_STRICT_PROTOTYPES = YES;
				CLANG_WARN_SUSPICIOUS_MOVE = YES;
				CLANG_WARN_UNGUARDED_AVAILABILITY = YES_AGGRESSIVE;
				CLANG_WARN_UNREACHABLE_CODE = YES;
				CLANG_WARN__DUPLICATE_METHOD_MATCH = YES;
				COPY_PHASE_STRIP = NO;
				DEBUG_INFORMATION_FORMAT = "dwarf-with-dsym";
				ENABLE_NS_ASSERTIONS = NO;
				ENABLE_STRICT_OBJC_MSGSEND = YES;
				ENABLE_USER_SCRIPT_SANDBOXING = YES;
				GCC_C_LANGUAGE_STANDARD = gnu17;
				GCC_NO_COMMON_BLOCKS = YES;
				GCC_WARN_64_TO_32_BIT_CONVERSION = YES;
				GCC_WARN_ABOUT_RETURN_TYPE = YES_ERROR;
				GCC_WARN_UNDECLARED_SELECTOR = YES;
				GCC_WARN_UNINITIALIZED_AUTOS = YES_AGGRESSIVE;
				GCC_WARN_UNUSED_FUNCTION = YES;
				GCC_WARN_UNUSED_VARIABLE = YES;
				IPHONEOS_DEPLOYMENT_TARGET = 17.2;
				LOCALIZATION_PREFERS_STRING_CATALOGS = YES;
				MTL_ENABLE_DEBUG_INFO = NO;
				MTL_FAST_MATH = YES;
				SDKROOT = iphoneos;
				SWIFT_COMPILATION_MODE = wholemodule;
				VALIDATE_PRODUCT = YES;
			};
			name = Release.development;
		};
		D636E6202BF220C700C77336 /* Release.development */ = {
			isa = XCBuildConfiguration;
			baseConfigurationReference = D636E63A2BF2279100C77336 /* Development.xcconfig */;
			buildSettings = {
				ASSETCATALOG_COMPILER_APPICON_NAME = AppIcon;
				ASSETCATALOG_COMPILER_GLOBAL_ACCENT_COLOR_NAME = AccentColor;
				CODE_SIGN_ENTITLEMENTS = StreamCast/StreamCast.entitlements;
				CODE_SIGN_STYLE = Automatic;
				CURRENT_PROJECT_VERSION = 1;
				DEVELOPMENT_ASSET_PATHS = "\"StreamCast/Preview Content\"";
				DEVELOPMENT_TEAM = 43HN6L3Z48;
				ENABLE_PREVIEWS = YES;
				GENERATE_INFOPLIST_FILE = YES;
				INFOPLIST_FILE = StreamCast/Info.plist;
				INFOPLIST_KEY_UIApplicationSceneManifest_Generation = YES;
				INFOPLIST_KEY_UIApplicationSupportsIndirectInputEvents = YES;
				INFOPLIST_KEY_UILaunchScreen_Generation = YES;
				INFOPLIST_KEY_UISupportedInterfaceOrientations_iPad = "UIInterfaceOrientationPortrait UIInterfaceOrientationPortraitUpsideDown UIInterfaceOrientationLandscapeLeft UIInterfaceOrientationLandscapeRight";
				INFOPLIST_KEY_UISupportedInterfaceOrientations_iPhone = "UIInterfaceOrientationPortrait UIInterfaceOrientationLandscapeLeft UIInterfaceOrientationLandscapeRight";
				LD_RUNPATH_SEARCH_PATHS = (
					"$(inherited)",
					"@executable_path/Frameworks",
				);
				MARKETING_VERSION = 1.0;
				PRODUCT_BUNDLE_IDENTIFIER = com.app.codesorbit.StreamCast;
				PRODUCT_NAME = "$(TARGET_NAME)";
				SWIFT_EMIT_LOC_STRINGS = YES;
				SWIFT_VERSION = 5.0;
				TARGETED_DEVICE_FAMILY = "1,2";
			};
			name = Release.development;
		};
		D636E6212BF220C700C77336 /* Release.development */ = {
			isa = XCBuildConfiguration;
			baseConfigurationReference = D636E63A2BF2279100C77336 /* Development.xcconfig */;
			buildSettings = {
				CODE_SIGN_STYLE = Automatic;
				CURRENT_PROJECT_VERSION = 1;
				DEVELOPMENT_TEAM = 43HN6L3Z48;
				GENERATE_INFOPLIST_FILE = YES;
				INFOPLIST_FILE = WatchOS/Info.plist;
				INFOPLIST_KEY_CFBundleDisplayName = WatchOS;
				INFOPLIST_KEY_NSHumanReadableCopyright = "";
				LD_RUNPATH_SEARCH_PATHS = (
					"$(inherited)",
					"@executable_path/Frameworks",
					"@executable_path/../../Frameworks",
					"@executable_path/../../../../Frameworks",
				);
				MARKETING_VERSION = 1.0;
				PRODUCT_BUNDLE_IDENTIFIER = com.app.codesorbit.WatchOS;
				PRODUCT_NAME = "$(TARGET_NAME)";
				SDKROOT = watchos;
				SKIP_INSTALL = YES;
				SWIFT_EMIT_LOC_STRINGS = YES;
				SWIFT_VERSION = 5.0;
				TARGETED_DEVICE_FAMILY = 4;
				WATCHOS_DEPLOYMENT_TARGET = 10.2;
			};
			name = Release.development;
		};
		D636E6222BF220C700C77336 /* Release.development */ = {
			isa = XCBuildConfiguration;
			baseConfigurationReference = D636E63A2BF2279100C77336 /* Development.xcconfig */;
			buildSettings = {
				ASSETCATALOG_COMPILER_APPICON_NAME = AppIcon;
				ASSETCATALOG_COMPILER_GLOBAL_ACCENT_COLOR_NAME = AccentColor;
				CODE_SIGN_ENTITLEMENTS = macOS/macOS.entitlements;
				CODE_SIGN_STYLE = Automatic;
				COMBINE_HIDPI_IMAGES = YES;
				CURRENT_PROJECT_VERSION = 1;
				DEVELOPMENT_ASSET_PATHS = "\"macOS/Preview Content\"";
				DEVELOPMENT_TEAM = 43HN6L3Z48;
				ENABLE_HARDENED_RUNTIME = YES;
				ENABLE_PREVIEWS = YES;
				GENERATE_INFOPLIST_FILE = YES;
				INFOPLIST_KEY_NSHumanReadableCopyright = "";
				LD_RUNPATH_SEARCH_PATHS = (
					"$(inherited)",
					"@executable_path/../Frameworks",
				);
				MACOSX_DEPLOYMENT_TARGET = 13.6;
				MARKETING_VERSION = 1.0;
				PRODUCT_BUNDLE_IDENTIFIER = com.app.codesorbit.macOS;
				PRODUCT_NAME = "$(TARGET_NAME)";
				SDKROOT = macosx;
				SWIFT_EMIT_LOC_STRINGS = YES;
				SWIFT_VERSION = 5.0;
			};
			name = Release.development;
		};
		D636E62D2BF2249F00C77336 /* Debug */ = {
			isa = XCBuildConfiguration;
			baseConfigurationReference = D636E6442BF227BC00C77336 /* Production.xcconfig */;
			buildSettings = {
				CODE_SIGN_STYLE = Automatic;
				CURRENT_PROJECT_VERSION = 1;
				DEVELOPMENT_TEAM = 43HN6L3Z48;
				GENERATE_INFOPLIST_FILE = YES;
				INFOPLIST_FILE = "WatchOS Extension/Info.plist";
				INFOPLIST_KEY_CFBundleDisplayName = "WatchOS Extension";
				INFOPLIST_KEY_NSHumanReadableCopyright = "";
				LD_RUNPATH_SEARCH_PATHS = (
					"$(inherited)",
					"@executable_path/Frameworks",
					"@executable_path/../../Frameworks",
					"@executable_path/../../../../Frameworks",
				);
				MARKETING_VERSION = 1.0;
				PRODUCT_BUNDLE_IDENTIFIER = "com.app.codesorbit.WatchOS-Extension";
				PRODUCT_NAME = "$(TARGET_NAME)";
				SDKROOT = watchos;
				SKIP_INSTALL = YES;
				SWIFT_EMIT_LOC_STRINGS = YES;
				SWIFT_VERSION = 5.0;
				TARGETED_DEVICE_FAMILY = 4;
				WATCHOS_DEPLOYMENT_TARGET = 10.2;
			};
			name = Debug;
		};
		D636E62E2BF2249F00C77336 /* Debug.development */ = {
			isa = XCBuildConfiguration;
			baseConfigurationReference = D636E63A2BF2279100C77336 /* Development.xcconfig */;
			buildSettings = {
				CODE_SIGN_STYLE = Automatic;
				CURRENT_PROJECT_VERSION = 1;
				DEVELOPMENT_TEAM = 43HN6L3Z48;
				GENERATE_INFOPLIST_FILE = YES;
				INFOPLIST_FILE = "WatchOS Extension/Info.plist";
				INFOPLIST_KEY_CFBundleDisplayName = "WatchOS Extension";
				INFOPLIST_KEY_NSHumanReadableCopyright = "";
				LD_RUNPATH_SEARCH_PATHS = (
					"$(inherited)",
					"@executable_path/Frameworks",
					"@executable_path/../../Frameworks",
					"@executable_path/../../../../Frameworks",
				);
				MARKETING_VERSION = 1.0;
				PRODUCT_BUNDLE_IDENTIFIER = "com.app.codesorbit.WatchOS-Extension";
				PRODUCT_NAME = "$(TARGET_NAME)";
				SDKROOT = watchos;
				SKIP_INSTALL = YES;
				SWIFT_EMIT_LOC_STRINGS = YES;
				SWIFT_VERSION = 5.0;
				TARGETED_DEVICE_FAMILY = 4;
				WATCHOS_DEPLOYMENT_TARGET = 10.2;
			};
			name = Debug.development;
		};
		D636E62F2BF2249F00C77336 /* Debug.staging */ = {
			isa = XCBuildConfiguration;
			baseConfigurationReference = D636E63F2BF227A500C77336 /* Staging.xcconfig */;
			buildSettings = {
				CODE_SIGN_STYLE = Automatic;
				CURRENT_PROJECT_VERSION = 1;
				DEVELOPMENT_TEAM = 43HN6L3Z48;
				GENERATE_INFOPLIST_FILE = YES;
				INFOPLIST_FILE = "WatchOS Extension/Info.plist";
				INFOPLIST_KEY_CFBundleDisplayName = "WatchOS Extension";
				INFOPLIST_KEY_NSHumanReadableCopyright = "";
				LD_RUNPATH_SEARCH_PATHS = (
					"$(inherited)",
					"@executable_path/Frameworks",
					"@executable_path/../../Frameworks",
					"@executable_path/../../../../Frameworks",
				);
				MARKETING_VERSION = 1.0;
				PRODUCT_BUNDLE_IDENTIFIER = "com.app.codesorbit.WatchOS-Extension";
				PRODUCT_NAME = "$(TARGET_NAME)";
				SDKROOT = watchos;
				SKIP_INSTALL = YES;
				SWIFT_EMIT_LOC_STRINGS = YES;
				SWIFT_VERSION = 5.0;
				TARGETED_DEVICE_FAMILY = 4;
				WATCHOS_DEPLOYMENT_TARGET = 10.2;
			};
			name = Debug.staging;
		};
		D636E6302BF2249F00C77336 /* Release */ = {
			isa = XCBuildConfiguration;
			baseConfigurationReference = D636E6442BF227BC00C77336 /* Production.xcconfig */;
			buildSettings = {
				CODE_SIGN_STYLE = Automatic;
				CURRENT_PROJECT_VERSION = 1;
				DEVELOPMENT_TEAM = 43HN6L3Z48;
				GENERATE_INFOPLIST_FILE = YES;
				INFOPLIST_FILE = "WatchOS Extension/Info.plist";
				INFOPLIST_KEY_CFBundleDisplayName = "WatchOS Extension";
				INFOPLIST_KEY_NSHumanReadableCopyright = "";
				LD_RUNPATH_SEARCH_PATHS = (
					"$(inherited)",
					"@executable_path/Frameworks",
					"@executable_path/../../Frameworks",
					"@executable_path/../../../../Frameworks",
				);
				MARKETING_VERSION = 1.0;
				PRODUCT_BUNDLE_IDENTIFIER = "com.app.codesorbit.WatchOS-Extension";
				PRODUCT_NAME = "$(TARGET_NAME)";
				SDKROOT = watchos;
				SKIP_INSTALL = YES;
				SWIFT_EMIT_LOC_STRINGS = YES;
				SWIFT_VERSION = 5.0;
				TARGETED_DEVICE_FAMILY = 4;
				WATCHOS_DEPLOYMENT_TARGET = 10.2;
			};
			name = Release;
		};
		D636E6312BF2249F00C77336 /* Release.development */ = {
			isa = XCBuildConfiguration;
			baseConfigurationReference = D636E63A2BF2279100C77336 /* Development.xcconfig */;
			buildSettings = {
				CODE_SIGN_STYLE = Automatic;
				CURRENT_PROJECT_VERSION = 1;
				DEVELOPMENT_TEAM = 43HN6L3Z48;
				GENERATE_INFOPLIST_FILE = YES;
				INFOPLIST_FILE = "WatchOS Extension/Info.plist";
				INFOPLIST_KEY_CFBundleDisplayName = "WatchOS Extension";
				INFOPLIST_KEY_NSHumanReadableCopyright = "";
				LD_RUNPATH_SEARCH_PATHS = (
					"$(inherited)",
					"@executable_path/Frameworks",
					"@executable_path/../../Frameworks",
					"@executable_path/../../../../Frameworks",
				);
				MARKETING_VERSION = 1.0;
				PRODUCT_BUNDLE_IDENTIFIER = "com.app.codesorbit.WatchOS-Extension";
				PRODUCT_NAME = "$(TARGET_NAME)";
				SDKROOT = watchos;
				SKIP_INSTALL = YES;
				SWIFT_EMIT_LOC_STRINGS = YES;
				SWIFT_VERSION = 5.0;
				TARGETED_DEVICE_FAMILY = 4;
				WATCHOS_DEPLOYMENT_TARGET = 10.2;
			};
			name = Release.development;
		};
		D636E6322BF2249F00C77336 /* Release.staging */ = {
			isa = XCBuildConfiguration;
			baseConfigurationReference = D636E63F2BF227A500C77336 /* Staging.xcconfig */;
			buildSettings = {
				CODE_SIGN_STYLE = Automatic;
				CURRENT_PROJECT_VERSION = 1;
				DEVELOPMENT_TEAM = 43HN6L3Z48;
				GENERATE_INFOPLIST_FILE = YES;
				INFOPLIST_FILE = "WatchOS Extension/Info.plist";
				INFOPLIST_KEY_CFBundleDisplayName = "WatchOS Extension";
				INFOPLIST_KEY_NSHumanReadableCopyright = "";
				LD_RUNPATH_SEARCH_PATHS = (
					"$(inherited)",
					"@executable_path/Frameworks",
					"@executable_path/../../Frameworks",
					"@executable_path/../../../../Frameworks",
				);
				MARKETING_VERSION = 1.0;
				PRODUCT_BUNDLE_IDENTIFIER = "com.app.codesorbit.WatchOS-Extension";
				PRODUCT_NAME = "$(TARGET_NAME)";
				SDKROOT = watchos;
				SKIP_INSTALL = YES;
				SWIFT_EMIT_LOC_STRINGS = YES;
				SWIFT_VERSION = 5.0;
				TARGETED_DEVICE_FAMILY = 4;
				WATCHOS_DEPLOYMENT_TARGET = 10.2;
			};
			name = Release.staging;
		};
/* End XCBuildConfiguration section */

/* Begin XCConfigurationList section */
		D636E5D02BF21EBA00C77336 /* Build configuration list for PBXProject "StreamCast" */ = {
			isa = XCConfigurationList;
			buildConfigurations = (
				D636E5E82BF21EC100C77336 /* Debug */,
				D636E6172BF220BE00C77336 /* Debug.development */,
				D636E6132BF220B800C77336 /* Debug.staging */,
				D636E5E92BF21EC100C77336 /* Release */,
				D636E61F2BF220C700C77336 /* Release.development */,
				D636E61B2BF220C200C77336 /* Release.staging */,
			);
			defaultConfigurationIsVisible = 0;
			defaultConfigurationName = Release;
		};
		D636E5EA2BF21EC100C77336 /* Build configuration list for PBXNativeTarget "StreamCast" */ = {
			isa = XCConfigurationList;
			buildConfigurations = (
				D636E5EB2BF21EC100C77336 /* Debug */,
				D636E6182BF220BE00C77336 /* Debug.development */,
				D636E6142BF220B800C77336 /* Debug.staging */,
				D636E5EC2BF21EC100C77336 /* Release */,
				D636E6202BF220C700C77336 /* Release.development */,
				D636E61C2BF220C200C77336 /* Release.staging */,
			);
			defaultConfigurationIsVisible = 0;
			defaultConfigurationName = Release;
		};
		D636E5F82BF21F3900C77336 /* Build configuration list for PBXNativeTarget "WatchOS" */ = {
			isa = XCConfigurationList;
			buildConfigurations = (
				D636E5F92BF21F3900C77336 /* Debug */,
				D636E6192BF220BE00C77336 /* Debug.development */,
				D636E6152BF220B800C77336 /* Debug.staging */,
				D636E5FA2BF21F3900C77336 /* Release */,
				D636E6212BF220C700C77336 /* Release.development */,
				D636E61D2BF220C200C77336 /* Release.staging */,
			);
			defaultConfigurationIsVisible = 0;
			defaultConfigurationName = Release;
		};
		D636E6102BF21F7700C77336 /* Build configuration list for PBXNativeTarget "macOS" */ = {
			isa = XCConfigurationList;
			buildConfigurations = (
				D636E6112BF21F7700C77336 /* Debug */,
				D636E61A2BF220BE00C77336 /* Debug.development */,
				D636E6162BF220B800C77336 /* Debug.staging */,
				D636E6122BF21F7700C77336 /* Release */,
				D636E6222BF220C700C77336 /* Release.development */,
				D636E61E2BF220C200C77336 /* Release.staging */,
			);
			defaultConfigurationIsVisible = 0;
			defaultConfigurationName = Release;
		};
		D636E62C2BF2249F00C77336 /* Build configuration list for PBXNativeTarget "WatchOS Extension" */ = {
			isa = XCConfigurationList;
			buildConfigurations = (
				D636E62D2BF2249F00C77336 /* Debug */,
				D636E62E2BF2249F00C77336 /* Debug.development */,
				D636E62F2BF2249F00C77336 /* Debug.staging */,
				D636E6302BF2249F00C77336 /* Release */,
				D636E6312BF2249F00C77336 /* Release.development */,
				D636E6322BF2249F00C77336 /* Release.staging */,
			);
			defaultConfigurationIsVisible = 0;
			defaultConfigurationName = Release;
		};
/* End XCConfigurationList section */

/* Begin XCVersionGroup section */
		D636E5E32BF21EC100C77336 /* StreamCast.xcdatamodeld */ = {
			isa = XCVersionGroup;
			children = (
				D636E5E42BF21EC100C77336 /* StreamCast.xcdatamodel */,
			);
			currentVersion = D636E5E42BF21EC100C77336 /* StreamCast.xcdatamodel */;
			path = StreamCast.xcdatamodeld;
			sourceTree = "<group>";
			versionGroupType = wrapper.xcdatamodel;
		};
		D636E60C2BF21F7700C77336 /* macOS.xcdatamodeld */ = {
			isa = XCVersionGroup;
			children = (
				D636E60D2BF21F7700C77336 /* macOS.xcdatamodel */,
			);
			currentVersion = D636E60D2BF21F7700C77336 /* macOS.xcdatamodel */;
			path = macOS.xcdatamodeld;
			sourceTree = "<group>";
			versionGroupType = wrapper.xcdatamodel;
		};
/* End XCVersionGroup section */
	};
	rootObject = D636E5CD2BF21EBA00C77336 /* Project object */;
}
